{
  "version": 4,
  "terraform_version": "1.7.0",
  "serial": 554,
  "lineage": "6cddf516-53cf-e3e8-8b9e-af08dfa58130",
  "outputs": {
    "module_ec2_instance_details": {
      "value": {
        "instance_id": "i-0639b0c4b8ad4ab9d",
        "instance_name": "production_instance"
      },
      "type": [
        "object",
        {
          "instance_id": "string",
          "instance_name": "string"
        }
      ]
    }
  },
  "resources": [
    {
      "module": "module.code_pipeline_module",
      "mode": "managed",
      "type": "aws_codedeploy_app",
      "name": "code_pipeline_app",
      "provider": "provider[\"registry.terraform.io/hashicorp/aws\"]",
      "instances": [
        {
          "schema_version": 0,
          "attributes": {
            "application_id": "468fc17f-4c84-4b97-98da-f1d65c314505",
            "arn": "arn:aws:codedeploy:us-east-1:553763657971:application:codePipeline-application",
            "compute_platform": "Server",
            "github_account_name": "",
            "id": "468fc17f-4c84-4b97-98da-f1d65c314505:codePipeline-application",
            "linked_to_github": false,
            "name": "codePipeline-application",
            "tags": {},
            "tags_all": {}
          },
          "sensitive_attributes": [],
          "private": "bnVsbA=="
        }
      ]
    },
    {
      "module": "module.code_pipeline_module",
      "mode": "managed",
      "type": "aws_codedeploy_deployment_group",
      "name": "codedeploy_group",
      "provider": "provider[\"registry.terraform.io/hashicorp/aws\"]",
      "instances": [
        {
          "schema_version": 0,
          "attributes": {
            "alarm_configuration": [],
            "app_name": "codePipeline-application",
            "arn": "arn:aws:codedeploy:us-east-1:553763657971:deploymentgroup:codePipeline-application/codedeploy-deployment-group",
            "auto_rollback_configuration": [],
            "autoscaling_groups": [],
            "blue_green_deployment_config": [],
            "compute_platform": "Server",
            "deployment_config_name": "CodeDeployDefault.AllAtOnce",
            "deployment_group_id": "a6d31a5f-2dde-4e4f-a73f-f524e0b0c236",
            "deployment_group_name": "codedeploy-deployment-group",
            "deployment_style": [
              {
                "deployment_option": "WITHOUT_TRAFFIC_CONTROL",
                "deployment_type": "IN_PLACE"
              }
            ],
            "ec2_tag_filter": [
              {
                "key": "Name",
                "type": "KEY_AND_VALUE",
                "value": "production_instance"
              }
            ],
            "ec2_tag_set": [],
            "ecs_service": [],
            "id": "a6d31a5f-2dde-4e4f-a73f-f524e0b0c236",
            "load_balancer_info": [],
            "on_premises_instance_tag_filter": [],
            "outdated_instances_strategy": "UPDATE",
            "service_role_arn": "arn:aws:iam::553763657971:role/codedeploy-service-role",
            "tags": {},
            "tags_all": {},
            "trigger_configuration": []
          },
          "sensitive_attributes": [],
          "private": "bnVsbA==",
          "dependencies": [
            "module.code_pipeline_module.aws_codedeploy_app.code_pipeline_app",
            "module.code_pipeline_module.aws_iam_role.codedeploy_role",
            "module.ec2_instance_module.aws_iam_instance_profile.EC2_instance_profile",
            "module.ec2_instance_module.aws_iam_role.EC2_Service_Role",
            "module.ec2_instance_module.aws_instance.ec2_instance",
            "module.ec2_instance_module.aws_key_pair.ec2_key_pair",
            "module.ec2_instance_module.aws_security_group.ec2_security_group",
            "module.ec2_instance_module.tls_private_key.key"
          ]
        }
      ]
    },
    {
      "module": "module.code_pipeline_module",
      "mode": "managed",
      "type": "aws_codepipeline",
      "name": "example_pipeline",
      "provider": "provider[\"registry.terraform.io/hashicorp/aws\"]",
      "instances": [
        {
          "schema_version": 0,
          "attributes": {
            "arn": "arn:aws:codepipeline:us-east-1:553763657971:example-pipeline",
            "artifact_store": [
              {
                "encryption_key": [],
                "location": "example-artifact-bucket-some-more-me-random-meeeee",
                "region": "",
                "type": "S3"
              }
            ],
            "id": "example-pipeline",
            "name": "example-pipeline",
            "pipeline_type": "V1",
            "role_arn": "arn:aws:iam::553763657971:role/codepipeline-role",
            "stage": [
              {
                "action": [
                  {
                    "category": "Source",
                    "configuration": {
                      "BranchName": "main",
                      "ConnectionArn": "arn:aws:codestar-connections:us-east-1:553763657971:connection/99b46435-d2be-482b-b00c-c449716f1cde",
                      "FullRepositoryId": "rafay-tariq/EarthAdventureBackend",
                      "OutputArtifactFormat": "CODE_ZIP"
                    },
                    "input_artifacts": [],
                    "name": "SourceAction",
                    "namespace": "",
                    "output_artifacts": [
                      "SourceArtifact"
                    ],
                    "owner": "AWS",
                    "provider": "CodeStarSourceConnection",
                    "region": "",
                    "role_arn": "",
                    "run_order": 1,
                    "version": "1"
                  }
                ],
                "name": "Source-Stage"
              },
              {
                "action": [
                  {
                    "category": "Deploy",
                    "configuration": {
                      "ApplicationName": "codePipeline-application",
                      "DeploymentGroupName": "codedeploy-deployment-group"
                    },
                    "input_artifacts": [
                      "SourceArtifact"
                    ],
                    "name": "DeployAction",
                    "namespace": "",
                    "output_artifacts": [],
                    "owner": "AWS",
                    "provider": "CodeDeploy",
                    "region": "",
                    "role_arn": "",
                    "run_order": 1,
                    "version": "1"
                  }
                ],
                "name": "Deploy"
              }
            ],
            "tags": {
              "Account_ID": "553763657971",
              "Environment": "Production",
              "Project_Name": "Requip",
              "Region": "us-east-1"
            },
            "tags_all": {
              "Account_ID": "553763657971",
              "Environment": "Production",
              "Project_Name": "Requip",
              "Region": "us-east-1"
            },
            "variable": []
          },
          "sensitive_attributes": [],
          "private": "bnVsbA==",
          "dependencies": [
            "module.code_pipeline_module.aws_codedeploy_app.code_pipeline_app",
            "module.code_pipeline_module.aws_codedeploy_deployment_group.codedeploy_group",
            "module.code_pipeline_module.aws_iam_role.codedeploy_role",
            "module.code_pipeline_module.aws_iam_role.codepipeline_role",
            "module.code_pipeline_module.aws_s3_bucket.store_pipeline_artifacts_bucket",
            "module.ec2_instance_module.aws_iam_instance_profile.EC2_instance_profile",
            "module.ec2_instance_module.aws_iam_role.EC2_Service_Role",
            "module.ec2_instance_module.aws_instance.ec2_instance",
            "module.ec2_instance_module.aws_key_pair.ec2_key_pair",
            "module.ec2_instance_module.aws_security_group.ec2_security_group",
            "module.ec2_instance_module.tls_private_key.key"
          ]
        }
      ]
    },
    {
      "module": "module.code_pipeline_module",
      "mode": "managed",
      "type": "aws_iam_policy",
      "name": "codedeploy_policy",
      "provider": "provider[\"registry.terraform.io/hashicorp/aws\"]",
      "instances": [
        {
          "schema_version": 0,
          "attributes": {
            "arn": "arn:aws:iam::553763657971:policy/codedeploy-policy",
            "description": "IAM policy for CodePipeline to deploy applications using CodeDeploy",
            "id": "arn:aws:iam::553763657971:policy/codedeploy-policy",
            "name": "codedeploy-policy",
            "name_prefix": "",
            "path": "/",
            "policy": "{\"Statement\":[{\"Action\":\"codedeploy:*\",\"Effect\":\"Allow\",\"Resource\":\"*\"}],\"Version\":\"2012-10-17\"}",
            "policy_id": "ANPAYB3XC3DZ3OOCG6VMN",
            "tags": {},
            "tags_all": {}
          },
          "sensitive_attributes": [],
          "private": "bnVsbA=="
        }
      ]
    },
    {
      "module": "module.code_pipeline_module",
      "mode": "managed",
      "type": "aws_iam_policy",
      "name": "codepipeline_s3_policy",
      "provider": "provider[\"registry.terraform.io/hashicorp/aws\"]",
      "instances": [
        {
          "schema_version": 0,
          "attributes": {
            "arn": "arn:aws:iam::553763657971:policy/codepipeline-s3-policy",
            "description": "IAM policy for CodePipeline to upload artifacts to S3 bucket",
            "id": "arn:aws:iam::553763657971:policy/codepipeline-s3-policy",
            "name": "codepipeline-s3-policy",
            "name_prefix": "",
            "path": "/",
            "policy": "{\"Statement\":[{\"Action\":\"s3:*\",\"Effect\":\"Allow\",\"Resource\":\"*\"}],\"Version\":\"2012-10-17\"}",
            "policy_id": "ANPAYB3XC3DZ7BAEQWRK5",
            "tags": {},
            "tags_all": {}
          },
          "sensitive_attributes": [],
          "private": "bnVsbA=="
        }
      ]
    },
    {
      "module": "module.code_pipeline_module",
      "mode": "managed",
      "type": "aws_iam_policy_attachment",
      "name": "codedeploy_policy_attachment",
      "provider": "provider[\"registry.terraform.io/hashicorp/aws\"]",
      "instances": [
        {
          "schema_version": 0,
          "attributes": {
            "groups": [],
            "id": "codedeploy-policy-attachment",
            "name": "codedeploy-policy-attachment",
            "policy_arn": "arn:aws:iam::aws:policy/service-role/AWSCodeDeployRole",
            "roles": [
              "codedeploy-service-role"
            ],
            "users": []
          },
          "sensitive_attributes": [],
          "private": "bnVsbA==",
          "dependencies": [
            "module.code_pipeline_module.aws_iam_role.codedeploy_role"
          ]
        }
      ]
    },
    {
      "module": "module.code_pipeline_module",
      "mode": "managed",
      "type": "aws_iam_policy_attachment",
      "name": "codepipeline_attachment",
      "provider": "provider[\"registry.terraform.io/hashicorp/aws\"]",
      "instances": [
        {
          "schema_version": 0,
          "attributes": {
            "groups": [],
            "id": "codepipeline-policy-attachment",
            "name": "codepipeline-policy-attachment",
            "policy_arn": "arn:aws:iam::aws:policy/AWSCodePipeline_FullAccess",
            "roles": [
              "codepipeline-role"
            ],
            "users": []
          },
          "sensitive_attributes": [],
          "private": "bnVsbA==",
          "dependencies": [
            "module.code_pipeline_module.aws_iam_role.codepipeline_role"
          ]
        }
      ]
    },
    {
      "module": "module.code_pipeline_module",
      "mode": "managed",
      "type": "aws_iam_role",
      "name": "codedeploy_role",
      "provider": "provider[\"registry.terraform.io/hashicorp/aws\"]",
      "instances": [
        {
          "schema_version": 0,
          "attributes": {
            "arn": "arn:aws:iam::553763657971:role/codedeploy-service-role",
            "assume_role_policy": "{\"Statement\":[{\"Action\":\"sts:AssumeRole\",\"Effect\":\"Allow\",\"Principal\":{\"Service\":\"codedeploy.amazonaws.com\"}}],\"Version\":\"2012-10-17\"}",
            "create_date": "2024-01-27T16:12:17Z",
            "description": "",
            "force_detach_policies": false,
            "id": "codedeploy-service-role",
            "inline_policy": [],
            "managed_policy_arns": [
              "arn:aws:iam::aws:policy/service-role/AWSCodeDeployRole"
            ],
            "max_session_duration": 3600,
            "name": "codedeploy-service-role",
            "name_prefix": "",
            "path": "/",
            "permissions_boundary": "",
            "tags": {},
            "tags_all": {},
            "unique_id": "AROAYB3XC3DZYNWEVY6CO"
          },
          "sensitive_attributes": [],
          "private": "bnVsbA=="
        }
      ]
    },
    {
      "module": "module.code_pipeline_module",
      "mode": "managed",
      "type": "aws_iam_role",
      "name": "codepipeline_role",
      "provider": "provider[\"registry.terraform.io/hashicorp/aws\"]",
      "instances": [
        {
          "schema_version": 0,
          "attributes": {
            "arn": "arn:aws:iam::553763657971:role/codepipeline-role",
            "assume_role_policy": "{\"Statement\":[{\"Action\":\"sts:AssumeRole\",\"Effect\":\"Allow\",\"Principal\":{\"Service\":\"codepipeline.amazonaws.com\"}}],\"Version\":\"2012-10-17\"}",
            "create_date": "2024-01-27T16:12:17Z",
            "description": "",
            "force_detach_policies": false,
            "id": "codepipeline-role",
            "inline_policy": [
              {
                "name": "codepipeline-assume-role-policy",
                "policy": "{\"Version\":\"2012-10-17\",\"Statement\":[{\"Action\":\"codestar-connections:UseConnection\",\"Effect\":\"Allow\",\"Resource\":\"*\"}]}"
              }
            ],
            "managed_policy_arns": [
              "arn:aws:iam::553763657971:policy/codedeploy-policy",
              "arn:aws:iam::553763657971:policy/codepipeline-s3-policy",
              "arn:aws:iam::aws:policy/AWSCodePipeline_FullAccess"
            ],
            "max_session_duration": 3600,
            "name": "codepipeline-role",
            "name_prefix": "",
            "path": "/",
            "permissions_boundary": "",
            "tags": {},
            "tags_all": {},
            "unique_id": "AROAYB3XC3DZYV4O3XL74"
          },
          "sensitive_attributes": [],
          "private": "bnVsbA=="
        }
      ]
    },
    {
      "module": "module.code_pipeline_module",
      "mode": "managed",
      "type": "aws_iam_role_policy",
      "name": "codepipeline_assume_role_policy",
      "provider": "provider[\"registry.terraform.io/hashicorp/aws\"]",
      "instances": [
        {
          "schema_version": 0,
          "attributes": {
            "id": "codepipeline-role:codepipeline-assume-role-policy",
            "name": "codepipeline-assume-role-policy",
            "name_prefix": "",
            "policy": "{\"Version\":\"2012-10-17\",\"Statement\":[{\"Action\":\"codestar-connections:UseConnection\",\"Effect\":\"Allow\",\"Resource\":\"*\"}]}",
            "role": "codepipeline-role"
          },
          "sensitive_attributes": [],
          "private": "bnVsbA==",
          "dependencies": [
            "module.code_pipeline_module.aws_iam_role.codepipeline_role"
          ]
        }
      ]
    },
    {
      "module": "module.code_pipeline_module",
      "mode": "managed",
      "type": "aws_iam_role_policy_attachment",
      "name": "codedeploy_policy_attachment",
      "provider": "provider[\"registry.terraform.io/hashicorp/aws\"]",
      "instances": [
        {
          "schema_version": 0,
          "attributes": {
            "id": "codepipeline-role-20240127161217974500000002",
            "policy_arn": "arn:aws:iam::553763657971:policy/codedeploy-policy",
            "role": "codepipeline-role"
          },
          "sensitive_attributes": [],
          "private": "bnVsbA==",
          "dependencies": [
            "module.code_pipeline_module.aws_iam_policy.codedeploy_policy",
            "module.code_pipeline_module.aws_iam_role.codepipeline_role"
          ]
        }
      ]
    },
    {
      "module": "module.code_pipeline_module",
      "mode": "managed",
      "type": "aws_iam_role_policy_attachment",
      "name": "codepipeline_s3_policy_attachment",
      "provider": "provider[\"registry.terraform.io/hashicorp/aws\"]",
      "instances": [
        {
          "schema_version": 0,
          "attributes": {
            "id": "codepipeline-role-20240127161217965000000001",
            "policy_arn": "arn:aws:iam::553763657971:policy/codepipeline-s3-policy",
            "role": "codepipeline-role"
          },
          "sensitive_attributes": [],
          "private": "bnVsbA==",
          "dependencies": [
            "module.code_pipeline_module.aws_iam_policy.codepipeline_s3_policy",
            "module.code_pipeline_module.aws_iam_role.codepipeline_role"
          ]
        }
      ]
    },
    {
      "module": "module.code_pipeline_module",
      "mode": "managed",
      "type": "aws_s3_bucket",
      "name": "store_pipeline_artifacts_bucket",
      "provider": "provider[\"registry.terraform.io/hashicorp/aws\"]",
      "instances": [
        {
          "schema_version": 0,
          "attributes": {
            "acceleration_status": "",
            "acl": null,
            "arn": "arn:aws:s3:::example-artifact-bucket-some-more-me-random-meeeee",
            "bucket": "example-artifact-bucket-some-more-me-random-meeeee",
            "bucket_domain_name": "example-artifact-bucket-some-more-me-random-meeeee.s3.amazonaws.com",
            "bucket_prefix": "",
            "bucket_regional_domain_name": "example-artifact-bucket-some-more-me-random-meeeee.s3.us-east-1.amazonaws.com",
            "cors_rule": [],
            "force_destroy": true,
            "grant": [
              {
                "id": "4275c824cf4be9f990dfbde46f8fde51bf47e2a256ce9e09c951fd6f59533ace",
                "permissions": [
                  "FULL_CONTROL"
                ],
                "type": "CanonicalUser",
                "uri": ""
              }
            ],
            "hosted_zone_id": "Z3AQBSTGFYJSTF",
            "id": "example-artifact-bucket-some-more-me-random-meeeee",
            "lifecycle_rule": [],
            "logging": [],
            "object_lock_configuration": [],
            "object_lock_enabled": false,
            "policy": "",
            "region": "us-east-1",
            "replication_configuration": [],
            "request_payer": "BucketOwner",
            "server_side_encryption_configuration": [
              {
                "rule": [
                  {
                    "apply_server_side_encryption_by_default": [
                      {
                        "kms_master_key_id": "",
                        "sse_algorithm": "AES256"
                      }
                    ],
                    "bucket_key_enabled": false
                  }
                ]
              }
            ],
            "tags": {},
            "tags_all": {},
            "timeouts": null,
            "versioning": [
              {
                "enabled": false,
                "mfa_delete": false
              }
            ],
            "website": [],
            "website_domain": null,
            "website_endpoint": null
          },
          "sensitive_attributes": [],
          "private": "eyJlMmJmYjczMC1lY2FhLTExZTYtOGY4OC0zNDM2M2JjN2M0YzAiOnsiY3JlYXRlIjoxMjAwMDAwMDAwMDAwLCJkZWxldGUiOjM2MDAwMDAwMDAwMDAsInJlYWQiOjEyMDAwMDAwMDAwMDAsInVwZGF0ZSI6MTIwMDAwMDAwMDAwMH19"
        }
      ]
    },
    {
      "module": "module.ec2_instance_module",
      "mode": "managed",
      "type": "aws_eip",
      "name": "aws_instance_elastic_ip",
      "provider": "provider[\"registry.terraform.io/hashicorp/aws\"]",
      "instances": [
        {
          "schema_version": 0,
          "attributes": {
            "address": null,
            "allocation_id": "eipalloc-0e0c421573bbe37a8",
            "associate_with_private_ip": null,
            "association_id": "eipassoc-0d020adbc38468c5f",
            "carrier_ip": "",
            "customer_owned_ip": "",
            "customer_owned_ipv4_pool": "",
            "domain": "vpc",
            "id": "eipalloc-0e0c421573bbe37a8",
            "instance": "i-0639b0c4b8ad4ab9d",
            "network_border_group": "us-east-1",
            "network_interface": "eni-0d49808d099d467c4",
            "private_dns": "ip-172-31-38-12.ec2.internal",
            "private_ip": "172.31.38.12",
            "public_dns": "ec2-52-3-183-206.compute-1.amazonaws.com",
            "public_ip": "52.3.183.206",
            "public_ipv4_pool": "amazon",
            "tags": {
              "Account_ID": "553763657971",
              "Environment": "Production",
              "Project_Name": "Requip",
              "Region": "us-east-1"
            },
            "tags_all": {
              "Account_ID": "553763657971",
              "Environment": "Production",
              "Project_Name": "Requip",
              "Region": "us-east-1"
            },
            "timeouts": null,
            "vpc": true
          },
          "sensitive_attributes": [],
          "private": "eyJlMmJmYjczMC1lY2FhLTExZTYtOGY4OC0zNDM2M2JjN2M0YzAiOnsiZGVsZXRlIjoxODAwMDAwMDAwMDAsInJlYWQiOjkwMDAwMDAwMDAwMCwidXBkYXRlIjozMDAwMDAwMDAwMDB9fQ==",
          "dependencies": [
            "module.ec2_instance_module.aws_iam_instance_profile.EC2_instance_profile",
            "module.ec2_instance_module.aws_iam_role.EC2_Service_Role",
            "module.ec2_instance_module.aws_instance.ec2_instance",
            "module.ec2_instance_module.aws_key_pair.ec2_key_pair",
            "module.ec2_instance_module.aws_security_group.ec2_security_group",
            "module.ec2_instance_module.tls_private_key.key"
          ]
        }
      ]
    },
    {
      "module": "module.ec2_instance_module",
      "mode": "managed",
      "type": "aws_iam_instance_profile",
      "name": "EC2_instance_profile",
      "provider": "provider[\"registry.terraform.io/hashicorp/aws\"]",
      "instances": [
        {
          "schema_version": 0,
          "attributes": {
            "arn": "arn:aws:iam::553763657971:instance-profile/ec2-role",
            "create_date": "2024-01-27T16:12:19Z",
            "id": "ec2-role",
            "name": "ec2-role",
            "name_prefix": "",
            "path": "/",
            "role": "ec2-role",
            "tags": {
              "Account_ID": "553763657971",
              "Environment": "Production",
              "Project_Name": "Requip",
              "Region": "us-east-1"
            },
            "tags_all": {
              "Account_ID": "553763657971",
              "Environment": "Production",
              "Project_Name": "Requip",
              "Region": "us-east-1"
            },
            "unique_id": "AIPAYB3XC3DZTKDQCLA3W"
          },
          "sensitive_attributes": [],
          "private": "bnVsbA==",
          "dependencies": [
            "module.ec2_instance_module.aws_iam_role.EC2_Service_Role"
          ]
        }
      ]
    },
    {
      "module": "module.ec2_instance_module",
      "mode": "managed",
      "type": "aws_iam_role",
      "name": "EC2_Service_Role",
      "provider": "provider[\"registry.terraform.io/hashicorp/aws\"]",
      "instances": [
        {
          "schema_version": 0,
          "attributes": {
            "arn": "arn:aws:iam::553763657971:role/ec2-role",
            "assume_role_policy": "{\"Statement\":[{\"Action\":\"sts:AssumeRole\",\"Effect\":\"Allow\",\"Principal\":{\"Service\":\"ec2.amazonaws.com\"}}],\"Version\":\"2012-10-17\"}",
            "create_date": "2024-01-27T16:12:17Z",
            "description": "",
            "force_detach_policies": false,
            "id": "ec2-role",
            "inline_policy": [],
            "managed_policy_arns": [
              "arn:aws:iam::aws:policy/AmazonS3ReadOnlyAccess",
              "arn:aws:iam::aws:policy/CloudWatchLogsFullAccess"
            ],
            "max_session_duration": 3600,
            "name": "ec2-role",
            "name_prefix": "",
            "path": "/",
            "permissions_boundary": "",
            "tags": {
              "Account_ID": "553763657971",
              "Environment": "Production",
              "Project_Name": "Requip",
              "Region": "us-east-1"
            },
            "tags_all": {
              "Account_ID": "553763657971",
              "Environment": "Production",
              "Project_Name": "Requip",
              "Region": "us-east-1"
            },
            "unique_id": "AROAYB3XC3DZSQGAVSMNW"
          },
          "sensitive_attributes": [],
          "private": "bnVsbA=="
        }
      ]
    },
    {
      "module": "module.ec2_instance_module",
      "mode": "managed",
      "type": "aws_iam_role_policy_attachment",
      "name": "ec2_role_permissions",
      "provider": "provider[\"registry.terraform.io/hashicorp/aws\"]",
      "instances": [
        {
          "index_key": 0,
          "schema_version": 0,
          "attributes": {
            "id": "ec2-role-20240127161218252600000004",
            "policy_arn": "arn:aws:iam::aws:policy/AmazonS3ReadOnlyAccess",
            "role": "ec2-role"
          },
          "sensitive_attributes": [],
          "private": "bnVsbA==",
          "dependencies": [
            "module.ec2_instance_module.aws_iam_role.EC2_Service_Role"
          ]
        },
        {
          "index_key": 1,
          "schema_version": 0,
          "attributes": {
            "id": "ec2-role-20240127161218243400000003",
            "policy_arn": "arn:aws:iam::aws:policy/CloudWatchLogsFullAccess",
            "role": "ec2-role"
          },
          "sensitive_attributes": [],
          "private": "bnVsbA==",
          "dependencies": [
            "module.ec2_instance_module.aws_iam_role.EC2_Service_Role"
          ]
        }
      ]
    },
    {
      "module": "module.ec2_instance_module",
      "mode": "managed",
      "type": "aws_instance",
      "name": "ec2_instance",
      "provider": "provider[\"registry.terraform.io/hashicorp/aws\"]",
      "instances": [
        {
          "schema_version": 1,
          "attributes": {
            "ami": "ami-0a3c3a20c09d6f377",
            "arn": "arn:aws:ec2:us-east-1:553763657971:instance/i-0639b0c4b8ad4ab9d",
            "associate_public_ip_address": true,
            "availability_zone": "us-east-1d",
            "capacity_reservation_specification": [
              {
                "capacity_reservation_preference": "open",
                "capacity_reservation_target": []
              }
            ],
            "cpu_core_count": 1,
            "cpu_options": [
              {
                "amd_sev_snp": "",
                "core_count": 1,
                "threads_per_core": 1
              }
            ],
            "cpu_threads_per_core": 1,
            "credit_specification": [
              {
                "cpu_credits": "standard"
              }
            ],
            "disable_api_stop": false,
            "disable_api_termination": false,
            "ebs_block_device": [],
            "ebs_optimized": false,
            "enclave_options": [
              {
                "enabled": false
              }
            ],
            "ephemeral_block_device": [],
            "get_password_data": false,
            "hibernation": false,
            "host_id": "",
            "host_resource_group_arn": null,
            "iam_instance_profile": "ec2-role",
            "id": "i-0639b0c4b8ad4ab9d",
            "instance_initiated_shutdown_behavior": "stop",
            "instance_lifecycle": "",
            "instance_market_options": [],
            "instance_state": "running",
            "instance_type": "t2.micro",
            "ipv6_address_count": 0,
            "ipv6_addresses": [],
            "key_name": "private-key",
            "launch_template": [],
            "maintenance_options": [
              {
                "auto_recovery": "default"
              }
            ],
            "metadata_options": [
              {
                "http_endpoint": "enabled",
                "http_protocol_ipv6": "disabled",
                "http_put_response_hop_limit": 2,
                "http_tokens": "required",
                "instance_metadata_tags": "disabled"
              }
            ],
            "monitoring": false,
            "network_interface": [],
            "outpost_arn": "",
            "password_data": "",
            "placement_group": "",
            "placement_partition_number": 0,
            "primary_network_interface_id": "eni-0d49808d099d467c4",
            "private_dns": "ip-172-31-38-12.ec2.internal",
            "private_dns_name_options": [
              {
                "enable_resource_name_dns_a_record": false,
                "enable_resource_name_dns_aaaa_record": false,
                "hostname_type": "ip-name"
              }
            ],
            "private_ip": "172.31.38.12",
            "public_dns": "ec2-35-174-17-175.compute-1.amazonaws.com",
            "public_ip": "35.174.17.175",
            "root_block_device": [
              {
                "delete_on_termination": true,
                "device_name": "/dev/xvda",
                "encrypted": false,
                "iops": 3000,
                "kms_key_id": "",
                "tags": {},
                "throughput": 125,
                "volume_id": "vol-0efa58f5744781861",
                "volume_size": 8,
                "volume_type": "gp3"
              }
            ],
            "secondary_private_ips": [],
            "security_groups": [
              "ec2-security-group"
            ],
            "source_dest_check": true,
            "spot_instance_request_id": "",
            "subnet_id": "subnet-01c6d7b229d613a91",
            "tags": {
              "Account_ID": "553763657971",
              "Environment": "Production",
              "Name": "production_instance",
              "Project_Name": "Requip",
              "Region": "us-east-1"
            },
            "tags_all": {
              "Account_ID": "553763657971",
              "Environment": "Production",
              "Name": "production_instance",
              "Project_Name": "Requip",
              "Region": "us-east-1"
            },
            "tenancy": "default",
            "timeouts": null,
            "user_data": "ebb36835232450f4d60d210c277a9271fcb67011",
            "user_data_base64": null,
            "user_data_replace_on_change": false,
            "volume_tags": null,
            "vpc_security_group_ids": [
              "sg-0768c7840e9fa5cf4"
            ]
          },
          "sensitive_attributes": [],
          "private": "eyJlMmJmYjczMC1lY2FhLTExZTYtOGY4OC0zNDM2M2JjN2M0YzAiOnsiY3JlYXRlIjo2MDAwMDAwMDAwMDAsImRlbGV0ZSI6MTIwMDAwMDAwMDAwMCwidXBkYXRlIjo2MDAwMDAwMDAwMDB9LCJzY2hlbWFfdmVyc2lvbiI6IjEifQ==",
          "dependencies": [
            "module.ec2_instance_module.aws_iam_instance_profile.EC2_instance_profile",
            "module.ec2_instance_module.aws_iam_role.EC2_Service_Role",
            "module.ec2_instance_module.aws_key_pair.ec2_key_pair",
            "module.ec2_instance_module.aws_security_group.ec2_security_group",
            "module.ec2_instance_module.tls_private_key.key"
          ]
        }
      ]
    },
    {
      "module": "module.ec2_instance_module",
      "mode": "managed",
      "type": "aws_key_pair",
      "name": "ec2_key_pair",
      "provider": "provider[\"registry.terraform.io/hashicorp/aws\"]",
      "instances": [
        {
          "schema_version": 1,
          "attributes": {
            "arn": "arn:aws:ec2:us-east-1:553763657971:key-pair/private-key",
            "fingerprint": "bc:85:a2:b0:d6:2c:f9:8e:be:fb:c7:01:23:26:74:bd",
            "id": "private-key",
            "key_name": "private-key",
            "key_name_prefix": "",
            "key_pair_id": "key-0dee60cdafbe6b8dc",
            "key_type": "rsa",
            "public_key": "ssh-rsa AAAAB3NzaC1yc2EAAAADAQABAAACAQC9OXepXGK9gVwl9Lan5x7CEeO0fC0xAqk4BXVjFky4L+D+U2+g47Heed6B+7xr0AgejB43T+RgBbfFj9eltKClS4Xx9hcL9AO+1F3UDzm/UMLycxIDETl90z9PPQ4fsuUsguvsJskJM1pk4+CE7oVr4Kzcoz/613kZ6Wj9Uagi7zfFVrziKFUQM0Dp7JpCn8puDG4QPrzu3O/UDVhFPhtsidL4uccz5/9koJTqCjNcAI4jXmFfXIsMDvAyI+xJFoKWjUKJjT5TcjuX6g/huRTzklG11kq0AD+Hw5+rBH9DocWTB47/djuulJqxGhQLOYhjQlZmtAwLkvLz1mj/aVBlbnGBfWMHTXSNP0pMMEcci69Rw0od4tUyyMfdG3LcmCGbC/KbTuUp+QjXxn82s0O+FUEzGazaNOP0Ej8xPTqyk7J9dU7vCWxCy2QAAXYst+iCOEKYzmQtxIoS+i4t9iuah9vGgkED2koTMC/t/L7SGk1pOdgfuq3awehQCow5LhJR0v+/9Xm6ryNi/ZP/mr/hlH6/gkrVrG134ic4jzZm7A/BGLvgqGlDVn/8ai5dzGt+jU7wwSr1i/u/Yum8QE2UAkbbXiYcj39jf79bUx4Bhibu91sy/kgZEdNRZD7pw5xNNAgNnRUOLDLtmuzK07/zcK6MmyDP/SaAbf4fZ2lj7w==",
            "tags": {
              "Account_ID": "553763657971",
              "Environment": "Production",
              "Project_Name": "Requip",
              "Region": "us-east-1"
            },
            "tags_all": {
              "Account_ID": "553763657971",
              "Environment": "Production",
              "Project_Name": "Requip",
              "Region": "us-east-1"
            }
          },
          "sensitive_attributes": [],
          "private": "eyJzY2hlbWFfdmVyc2lvbiI6IjEifQ==",
          "dependencies": [
            "module.ec2_instance_module.tls_private_key.key"
          ]
        }
      ]
    },
    {
      "module": "module.ec2_instance_module",
      "mode": "managed",
      "type": "aws_security_group",
      "name": "ec2_security_group",
      "provider": "provider[\"registry.terraform.io/hashicorp/aws\"]",
      "instances": [
        {
          "schema_version": 1,
          "attributes": {
            "arn": "arn:aws:ec2:us-east-1:553763657971:security-group/sg-0768c7840e9fa5cf4",
            "description": "Security group attached with EC2",
            "egress": [],
            "id": "sg-0768c7840e9fa5cf4",
            "ingress": [
              {
                "cidr_blocks": [
                  "0.0.0.0/0"
                ],
                "description": "",
                "from_port": 443,
                "ipv6_cidr_blocks": [],
                "prefix_list_ids": [],
                "protocol": "tcp",
                "security_groups": [],
                "self": false,
                "to_port": 443
              },
              {
                "cidr_blocks": [
                  "0.0.0.0/0"
                ],
                "description": "",
                "from_port": 80,
                "ipv6_cidr_blocks": [],
                "prefix_list_ids": [],
                "protocol": "tcp",
                "security_groups": [],
                "self": false,
                "to_port": 80
              },
              {
                "cidr_blocks": [
                  "72.255.40.255/32"
                ],
                "description": "",
                "from_port": 22,
                "ipv6_cidr_blocks": [],
                "prefix_list_ids": [],
                "protocol": "tcp",
                "security_groups": [],
                "self": false,
                "to_port": 22
              }
            ],
            "name": "ec2-security-group",
            "name_prefix": "",
            "owner_id": "553763657971",
            "revoke_rules_on_delete": false,
            "tags": {
              "Account_ID": "553763657971",
              "Environment": "Production",
              "Project_Name": "Requip",
              "Region": "us-east-1"
            },
            "tags_all": {
              "Account_ID": "553763657971",
              "Environment": "Production",
              "Project_Name": "Requip",
              "Region": "us-east-1"
            },
            "timeouts": null,
            "vpc_id": "vpc-0ac9fde093494750e"
          },
          "sensitive_attributes": [],
          "private": "eyJlMmJmYjczMC1lY2FhLTExZTYtOGY4OC0zNDM2M2JjN2M0YzAiOnsiY3JlYXRlIjo2MDAwMDAwMDAwMDAsImRlbGV0ZSI6OTAwMDAwMDAwMDAwfSwic2NoZW1hX3ZlcnNpb24iOiIxIn0="
        }
      ]
    },
    {
      "module": "module.ec2_instance_module",
      "mode": "managed",
      "type": "tls_private_key",
      "name": "key",
      "provider": "provider[\"registry.terraform.io/hashicorp/tls\"]",
      "instances": [
        {
          "schema_version": 1,
          "attributes": {
            "algorithm": "RSA",
            "ecdsa_curve": "P224",
            "id": "6f31dce43aab01b26997ec07f86cb5210d7ab192",
            "private_key_openssh": "-----BEGIN OPENSSH PRIVATE KEY-----\nb3BlbnNzaC1rZXktdjEAAAAABG5vbmUAAAAEbm9uZQAAAAAAAAABAAACFwAAAAdz\nc2gtcnNhAAAAAwEAAQAAAgEAvTl3qVxivYFcJfS2p+cewhHjtHwtMQKpOAV1YxZM\nuC/g/lNvoOOx3nnegfu8a9AIHoweN0/kYAW3xY/XpbSgpUuF8fYXC/QDvtRd1A85\nv1DC8nMSAxE5fdM/Tz0OH7LlLILr7CbJCTNaZOPghO6Fa+Cs3KM/+td5Gelo/VGo\nIu83xVa84ihVEDNA6eyaQp/KbgxuED687tzv1A1YRT4bbInS+LnHM+f/ZKCU6goz\nXACOI15hX1yLDA7wMiPsSRaClo1CiY0+U3I7l+oP4bkU85JRtdZKtAA/h8OfqwR/\nQ6HFkweO/3Y7rpSasRoUCzmIY0JWZrQMC5Ly89Zo/2lQZW5xgX1jB010jT9KTDBH\nHIuvUcNKHeLVMsjH3Rty3Jghmwvym07lKfkI18Z/NrNDvhVBMxms2jTj9BI/MT06\nspOyfXVO7wlsQstkAAF2LLfogjhCmM5kLcSKEvouLfYrmofbxoJBA9pKEzAv7fy+\n0hpNaTnYH7qt2sHoUAqMOS4SUdL/v/V5uq8jYv2T/5q/4ZR+v4JK1axtd+InOI82\nZuwPwRi74KhpQ1Z//GouXcxrfo1O8MEq9Yv7v2LpvEBNlAJG214mHI9/Y3+/W1Me\nAYYm7vdbMv5IGRHTUWQ+6cOcTTQIDZ0VDiwy7ZrsytO/83CujJsgz/0mgG3+H2dp\nY+8AAAc4i9rE6YvaxOkAAAAHc3NoLXJzYQAAAgEAvTl3qVxivYFcJfS2p+cewhHj\ntHwtMQKpOAV1YxZMuC/g/lNvoOOx3nnegfu8a9AIHoweN0/kYAW3xY/XpbSgpUuF\n8fYXC/QDvtRd1A85v1DC8nMSAxE5fdM/Tz0OH7LlLILr7CbJCTNaZOPghO6Fa+Cs\n3KM/+td5Gelo/VGoIu83xVa84ihVEDNA6eyaQp/KbgxuED687tzv1A1YRT4bbInS\n+LnHM+f/ZKCU6gozXACOI15hX1yLDA7wMiPsSRaClo1CiY0+U3I7l+oP4bkU85JR\ntdZKtAA/h8OfqwR/Q6HFkweO/3Y7rpSasRoUCzmIY0JWZrQMC5Ly89Zo/2lQZW5x\ngX1jB010jT9KTDBHHIuvUcNKHeLVMsjH3Rty3Jghmwvym07lKfkI18Z/NrNDvhVB\nMxms2jTj9BI/MT06spOyfXVO7wlsQstkAAF2LLfogjhCmM5kLcSKEvouLfYrmofb\nxoJBA9pKEzAv7fy+0hpNaTnYH7qt2sHoUAqMOS4SUdL/v/V5uq8jYv2T/5q/4ZR+\nv4JK1axtd+InOI82ZuwPwRi74KhpQ1Z//GouXcxrfo1O8MEq9Yv7v2LpvEBNlAJG\n214mHI9/Y3+/W1MeAYYm7vdbMv5IGRHTUWQ+6cOcTTQIDZ0VDiwy7ZrsytO/83Cu\njJsgz/0mgG3+H2dpY+8AAAADAQABAAACAATIxC7DCDgUYjkPc+LQ5CUyAJjanuXj\nVFX3RV2I/c2WYFDt2R+vQhsG58pPjBcJvnrPPiBV48dNvbTAC0rEQ1+Khkt01mZV\n+BZGFk07SVF+AD/TCvyK3fJBehNNzuKcSlESylZBMMoLw1hTrqSNx0/P8W7urbpw\n4j32edIV03N2qulRZRsuu9/Z++UuN0RB+ANKSyob+/jqGyI4aCfwBw96eJwTTmcQ\nkZOAv+Me+Od1mCJqy3l2xIk8g3QxFlNOv2SBE9KYgJ/pfno7z8T8QfxakbhQP7lH\nXFPZbVsMlQ8nsvAhu8rXuXCTj0m1CBa0kK85ySd1m+xa/cuOez8h8Ydj1NSZYLNc\nWcJT6r1UkxZC1gytHqw8vZ4YowJ0LwwLHs5Dc1i78h8VCHsBCHEsjhwECJcpr+uQ\nl7JNF2DNu9osbVALXcCCAoHSm8xXaSfDvLUlzPR96UkoVOGRBTNlx/VlVbMo6/pX\nH2mBxO2hWBPUhEirMYgOmaySpPNAkSQc15VhS1f6nNUDO5GVVZHWPhUvNP3L1PEl\nJ5flycxO1nQMRNCK6yLKfpzC82QjP1K7dldKHXVtdlZA43WzIR8DogIcmJGCNqxG\ntND2lmxj8lAy2Jw9ycFif0BULS/VxaI1hW8JSdZ2+b3kpVyE5NuTo6dzW6hsuKGo\ntparQwIoEivJAAABABxo+vnelpQH6Pr9tUV0yax5gpIHIPzVXrjPGenVNSsEIEV5\nUTFYzycBOhjmPO5FHvZqE5ozixNFtsl6bDkYWwKVLAAm9oCas228g8ALM+56lRs+\nnCTLjHnhe8i3+WfWfdLNbij9ESsglMri173hkFgtpTHrIBwKX3sG9JykNpOvWZGc\nobr63uGr/DOoL/nbHXOjJ8RaqNc7Kxg0EPB04HZQQruNEkSg+wsw6flFXpc0zA62\nDef7K83dAw2V6WWcrA3h/oXq6zyawSv2WwIHlD0SScImdTATdcw6FdjWTmXfqhkk\nK3Zl5uLhF0C1um29V7/yInv2+tt9PqgrdYIRCuQAAAEBAO/FsC3kxIOSLhU4lkr0\nvDslOv8DKJfDTf4Yt1hOyACei86HR1yVLFa4EBz210/Pp3eI7NzNF6BGo5gEOY98\n0ZDTAUexq9JjdkuKesOQuHtdLGW5Vh+tqPOzwGfUZcoo2Q0TLutKxzFkloE6ytn0\nZ2PoSq7Y1h4JGXItNIaHy6cqYrvr3aU8OqLZgaN+6+C66VHlMNa76shDjJJsvL8d\nvaZrOWumVmxGUa6B4Clyn5RIBRKJDDiOAz5HxpjebPJvhUpmZQdsrvX7Xt7Bqg11\nL9DPTMMiFXzH7ZCoiH9Em6kZ6RANPSlkbrwzViAyV0eowyT0tGLb+WlB0BBlsm88\ntCMAAAEBAMoH/DpveDyAeI0+yQE4mcyNQRKNgfmsQq+hibD8zab8IApXXo/EKuCl\nIQlAWG/E9MJlbyLn6ND7azzx6DY3BKgb0fkd+izV10vX1CgwqqK/axB5Jc/2x07m\nZ+hJVzzzR2HlGPYcM9aC0j8JAWnnb2j5j7b/Z0E5MvirNdrIiGlxtcp9hGL2pPZq\nMslLvgKlHcIILQ5SW9AeogV2fZGP8yoCVpZsQdVVlEDrjqLEZeF0eATG4+2JD3fs\nvEpNuI3TSECAMe5BxcIiResW4PRJKean9ULmlm/xwF9oRbvPNB/RQKY9SSRmy0El\nkn7++ZKywJfgMXW/6a6VOAlKVyxX98UAAAAAAQID\n-----END OPENSSH PRIVATE KEY-----\n",
            "private_key_pem": "-----BEGIN RSA PRIVATE KEY-----\nMIIJKQIBAAKCAgEAvTl3qVxivYFcJfS2p+cewhHjtHwtMQKpOAV1YxZMuC/g/lNv\noOOx3nnegfu8a9AIHoweN0/kYAW3xY/XpbSgpUuF8fYXC/QDvtRd1A85v1DC8nMS\nAxE5fdM/Tz0OH7LlLILr7CbJCTNaZOPghO6Fa+Cs3KM/+td5Gelo/VGoIu83xVa8\n4ihVEDNA6eyaQp/KbgxuED687tzv1A1YRT4bbInS+LnHM+f/ZKCU6gozXACOI15h\nX1yLDA7wMiPsSRaClo1CiY0+U3I7l+oP4bkU85JRtdZKtAA/h8OfqwR/Q6HFkweO\n/3Y7rpSasRoUCzmIY0JWZrQMC5Ly89Zo/2lQZW5xgX1jB010jT9KTDBHHIuvUcNK\nHeLVMsjH3Rty3Jghmwvym07lKfkI18Z/NrNDvhVBMxms2jTj9BI/MT06spOyfXVO\n7wlsQstkAAF2LLfogjhCmM5kLcSKEvouLfYrmofbxoJBA9pKEzAv7fy+0hpNaTnY\nH7qt2sHoUAqMOS4SUdL/v/V5uq8jYv2T/5q/4ZR+v4JK1axtd+InOI82ZuwPwRi7\n4KhpQ1Z//GouXcxrfo1O8MEq9Yv7v2LpvEBNlAJG214mHI9/Y3+/W1MeAYYm7vdb\nMv5IGRHTUWQ+6cOcTTQIDZ0VDiwy7ZrsytO/83CujJsgz/0mgG3+H2dpY+8CAwEA\nAQKCAgAEyMQuwwg4FGI5D3Pi0OQlMgCY2p7l41RV90VdiP3NlmBQ7dkfr0IbBufK\nT4wXCb56zz4gVePHTb20wAtKxENfioZLdNZmVfgWRhZNO0lRfgA/0wr8it3yQXoT\nTc7inEpREspWQTDKC8NYU66kjcdPz/Fu7q26cOI99nnSFdNzdqrpUWUbLrvf2fvl\nLjdEQfgDSksqG/v46hsiOGgn8AcPenicE05nEJGTgL/jHvjndZgiast5dsSJPIN0\nMRZTTr9kgRPSmICf6X56O8/E/EH8WpG4UD+5R1xT2W1bDJUPJ7LwIbvK17lwk49J\ntQgWtJCvOckndZvsWv3Ljns/IfGHY9TUmWCzXFnCU+q9VJMWQtYMrR6sPL2eGKMC\ndC8MCx7OQ3NYu/IfFQh7AQhxLI4cBAiXKa/rkJeyTRdgzbvaLG1QC13AggKB0pvM\nV2knw7y1Jcz0felJKFThkQUzZcf1ZVWzKOv6Vx9pgcTtoVgT1IRIqzGIDpmskqTz\nQJEkHNeVYUtX+pzVAzuRlVWR1j4VLzT9y9TxJSeX5cnMTtZ0DETQiusiyn6cwvNk\nIz9Su3ZXSh11bXZWQON1syEfA6ICHJiRgjasRrTQ9pZsY/JQMticPcnBYn9AVC0v\n1cWiNYVvCUnWdvm95KVchOTbk6Onc1uobLihqLaWq0MCKBIryQKCAQEA78WwLeTE\ng5IuFTiWSvS8OyU6/wMol8NN/hi3WE7IAJ6LzodHXJUsVrgQHPbXT8+nd4js3M0X\noEajmAQ5j3zRkNMBR7Gr0mN2S4p6w5C4e10sZblWH62o87PAZ9RlyijZDRMu60rH\nMWSWgTrK2fRnY+hKrtjWHgkZci00hofLpypiu+vdpTw6otmBo37r4LrpUeUw1rvq\nyEOMkmy8vx29pms5a6ZWbEZRroHgKXKflEgFEokMOI4DPkfGmN5s8m+FSmZlB2yu\n9fte3sGqDXUv0M9MwyIVfMftkKiIf0SbqRnpEA09KWRuvDNWIDJXR6jDJPS0Ytv5\naUHQEGWybzy0IwKCAQEAygf8Om94PIB4jT7JATiZzI1BEo2B+axCr6GJsPzNpvwg\nCldej8Qq4KUhCUBYb8T0wmVvIufo0PtrPPHoNjcEqBvR+R36LNXXS9fUKDCqor9r\nEHklz/bHTuZn6ElXPPNHYeUY9hwz1oLSPwkBaedvaPmPtv9nQTky+Ks12siIaXG1\nyn2EYvak9moyyUu+AqUdwggtDlJb0B6iBXZ9kY/zKgJWlmxB1VWUQOuOosRl4XR4\nBMbj7YkPd+y8Sk24jdNIQIAx7kHFwiJF6xbg9Ekp5qf1QuaWb/HAX2hFu880H9FA\npj1JJGbLQSWSfv75krLAl+Axdb/prpU4CUpXLFf3xQKCAQEAoXmZNM8kKReBQXli\nfghj29Eu8h7Gb65wD/fFQguMVh5wOR6RyKANxDkhYOA8ENvgBHiKTAkzKBVqhy4R\nNbjxyX7RFd9pv76MJEOWea41D5+oDrnKbnsdlUIxCbvY8VShGFUa/ArYK0N6uH1H\nr5ERMA94fFg7mu613FblUNSTKnk5FSW7l1QAiTvCOsF3SVmXWDfptDPJ4iTbvqDM\nXElDN5huizjyaujQiZ2dwUwYfFwkTl9Ng6jgNklQThM9e+fu9DQRRfbDvZUURyBV\nzcpl8VIqeB+0KNzb+NgHVO53hmKUuuKvlfi1Orm3/uboMLJO+cxyz0ElruVLoj9a\n898F0QKCAQEAh4i/33v0j7IoLamXM2iDVUTWCNpB/ftgaW7XbpLKbGHsJMPkPlJ9\n6WMePJScP69D/D4MRsCJ4dkpYiNvgx950kWHobZIpVd4LftG6wdrEe+UpeKASXnm\nz7mmr6C0E8Gpe7Uz/7d/10LARWWHO0L17NivXzcMUCdNWKGTaYjqasLMEGIQNEv+\n8wjftUdI24Fl60uM3nTF/2Ltkvig2MxXdzFGYXeS2smkwcDFWdCkAJIgCiRbuHkg\nlXWOA9MMIqlBaXQXCx24y7ouab5Zf8itgX3f/devyL3ILrlHPu2MrGO3GU84CGGl\nrbjFBMmNKKsepUTUKYhr/qFAjIsA3FDPeQKCAQAcaPr53paUB+j6/bVFdMmseYKS\nByD81V64zxnp1TUrBCBFeVExWM8nAToY5jzuRR72ahOaM4sTRbbJemw5GFsClSwA\nJvaAmrNtvIPACzPuepUbPpwky4x54XvIt/ln1n3SzW4o/RErIJTK4te94ZBYLaUx\n6yAcCl97BvScpDaTr1mRnKG6+t7hq/wzqC/52x1zoyfEWqjXOysYNBDwdOB2UEK7\njRJEoPsLMOn5RV6XNMwOtg3n+yvN3QMNlellnKwN4f6F6us8msEr9lsCB5Q9EknC\nJnUwE3XMOhXY1k5l36oZJCt2Zebi4RdAtbptvVe/8iJ79vrbfT6oK3WCEQrk\n-----END RSA PRIVATE KEY-----\n",
            "private_key_pem_pkcs8": "-----BEGIN PRIVATE KEY-----\nMIIJQwIBADANBgkqhkiG9w0BAQEFAASCCS0wggkpAgEAAoICAQC9OXepXGK9gVwl\n9Lan5x7CEeO0fC0xAqk4BXVjFky4L+D+U2+g47Heed6B+7xr0AgejB43T+RgBbfF\nj9eltKClS4Xx9hcL9AO+1F3UDzm/UMLycxIDETl90z9PPQ4fsuUsguvsJskJM1pk\n4+CE7oVr4Kzcoz/613kZ6Wj9Uagi7zfFVrziKFUQM0Dp7JpCn8puDG4QPrzu3O/U\nDVhFPhtsidL4uccz5/9koJTqCjNcAI4jXmFfXIsMDvAyI+xJFoKWjUKJjT5TcjuX\n6g/huRTzklG11kq0AD+Hw5+rBH9DocWTB47/djuulJqxGhQLOYhjQlZmtAwLkvLz\n1mj/aVBlbnGBfWMHTXSNP0pMMEcci69Rw0od4tUyyMfdG3LcmCGbC/KbTuUp+QjX\nxn82s0O+FUEzGazaNOP0Ej8xPTqyk7J9dU7vCWxCy2QAAXYst+iCOEKYzmQtxIoS\n+i4t9iuah9vGgkED2koTMC/t/L7SGk1pOdgfuq3awehQCow5LhJR0v+/9Xm6ryNi\n/ZP/mr/hlH6/gkrVrG134ic4jzZm7A/BGLvgqGlDVn/8ai5dzGt+jU7wwSr1i/u/\nYum8QE2UAkbbXiYcj39jf79bUx4Bhibu91sy/kgZEdNRZD7pw5xNNAgNnRUOLDLt\nmuzK07/zcK6MmyDP/SaAbf4fZ2lj7wIDAQABAoICAATIxC7DCDgUYjkPc+LQ5CUy\nAJjanuXjVFX3RV2I/c2WYFDt2R+vQhsG58pPjBcJvnrPPiBV48dNvbTAC0rEQ1+K\nhkt01mZV+BZGFk07SVF+AD/TCvyK3fJBehNNzuKcSlESylZBMMoLw1hTrqSNx0/P\n8W7urbpw4j32edIV03N2qulRZRsuu9/Z++UuN0RB+ANKSyob+/jqGyI4aCfwBw96\neJwTTmcQkZOAv+Me+Od1mCJqy3l2xIk8g3QxFlNOv2SBE9KYgJ/pfno7z8T8Qfxa\nkbhQP7lHXFPZbVsMlQ8nsvAhu8rXuXCTj0m1CBa0kK85ySd1m+xa/cuOez8h8Ydj\n1NSZYLNcWcJT6r1UkxZC1gytHqw8vZ4YowJ0LwwLHs5Dc1i78h8VCHsBCHEsjhwE\nCJcpr+uQl7JNF2DNu9osbVALXcCCAoHSm8xXaSfDvLUlzPR96UkoVOGRBTNlx/Vl\nVbMo6/pXH2mBxO2hWBPUhEirMYgOmaySpPNAkSQc15VhS1f6nNUDO5GVVZHWPhUv\nNP3L1PElJ5flycxO1nQMRNCK6yLKfpzC82QjP1K7dldKHXVtdlZA43WzIR8DogIc\nmJGCNqxGtND2lmxj8lAy2Jw9ycFif0BULS/VxaI1hW8JSdZ2+b3kpVyE5NuTo6dz\nW6hsuKGotparQwIoEivJAoIBAQDvxbAt5MSDki4VOJZK9Lw7JTr/AyiXw03+GLdY\nTsgAnovOh0dclSxWuBAc9tdPz6d3iOzczRegRqOYBDmPfNGQ0wFHsavSY3ZLinrD\nkLh7XSxluVYfrajzs8Bn1GXKKNkNEy7rSscxZJaBOsrZ9Gdj6Equ2NYeCRlyLTSG\nh8unKmK7692lPDqi2YGjfuvguulR5TDWu+rIQ4ySbLy/Hb2mazlrplZsRlGugeAp\ncp+USAUSiQw4jgM+R8aY3mzyb4VKZmUHbK71+17ewaoNdS/Qz0zDIhV8x+2QqIh/\nRJupGekQDT0pZG68M1YgMldHqMMk9LRi2/lpQdAQZbJvPLQjAoIBAQDKB/w6b3g8\ngHiNPskBOJnMjUESjYH5rEKvoYmw/M2m/CAKV16PxCrgpSEJQFhvxPTCZW8i5+jQ\n+2s88eg2NwSoG9H5Hfos1ddL19QoMKqiv2sQeSXP9sdO5mfoSVc880dh5Rj2HDPW\ngtI/CQFp529o+Y+2/2dBOTL4qzXayIhpcbXKfYRi9qT2ajLJS74CpR3CCC0OUlvQ\nHqIFdn2Rj/MqAlaWbEHVVZRA646ixGXhdHgExuPtiQ937LxKTbiN00hAgDHuQcXC\nIkXrFuD0SSnmp/VC5pZv8cBfaEW7zzQf0UCmPUkkZstBJZJ+/vmSssCX4DF1v+mu\nlTgJSlcsV/fFAoIBAQCheZk0zyQpF4FBeWJ+CGPb0S7yHsZvrnAP98VCC4xWHnA5\nHpHIoA3EOSFg4DwQ2+AEeIpMCTMoFWqHLhE1uPHJftEV32m/vowkQ5Z5rjUPn6gO\nucpuex2VQjEJu9jxVKEYVRr8CtgrQ3q4fUevkREwD3h8WDua7rXcVuVQ1JMqeTkV\nJbuXVACJO8I6wXdJWZdYN+m0M8niJNu+oMxcSUM3mG6LOPJq6NCJnZ3BTBh8XCRO\nX02DqOA2SVBOEz175+70NBFF9sO9lRRHIFXNymXxUip4H7Qo3Nv42AdU7neGYpS6\n4q+V+LU6ubf+5ugwsk75zHLPQSWu5UuiP1rz3wXRAoIBAQCHiL/fe/SPsigtqZcz\naINVRNYI2kH9+2BpbtdukspsYewkw+Q+Un3pYx48lJw/r0P8PgxGwInh2SliI2+D\nH3nSRYehtkilV3gt+0brB2sR75Sl4oBJeebPuaavoLQTwal7tTP/t3/XQsBFZYc7\nQvXs2K9fNwxQJ01YoZNpiOpqwswQYhA0S/7zCN+1R0jbgWXrS4zedMX/Yu2S+KDY\nzFd3MUZhd5LayaTBwMVZ0KQAkiAKJFu4eSCVdY4D0wwiqUFpdBcLHbjLui5pvll/\nyK2Bfd/916/IvcguuUc+7YysY7cZTzgIYaWtuMUEyY0oqx6lRNQpiGv+oUCMiwDc\nUM95AoIBABxo+vnelpQH6Pr9tUV0yax5gpIHIPzVXrjPGenVNSsEIEV5UTFYzycB\nOhjmPO5FHvZqE5ozixNFtsl6bDkYWwKVLAAm9oCas228g8ALM+56lRs+nCTLjHnh\ne8i3+WfWfdLNbij9ESsglMri173hkFgtpTHrIBwKX3sG9JykNpOvWZGcobr63uGr\n/DOoL/nbHXOjJ8RaqNc7Kxg0EPB04HZQQruNEkSg+wsw6flFXpc0zA62Def7K83d\nAw2V6WWcrA3h/oXq6zyawSv2WwIHlD0SScImdTATdcw6FdjWTmXfqhkkK3Zl5uLh\nF0C1um29V7/yInv2+tt9PqgrdYIRCuQ=\n-----END PRIVATE KEY-----\n",
            "public_key_fingerprint_md5": "f6:4b:d6:2a:22:69:dc:f5:c3:2e:d5:e8:76:be:dd:c2",
            "public_key_fingerprint_sha256": "SHA256:uLBsz3NG8rnvOjMNQ0TawYJMNCvzgBZ8rgUTVN31jmU",
            "public_key_openssh": "ssh-rsa AAAAB3NzaC1yc2EAAAADAQABAAACAQC9OXepXGK9gVwl9Lan5x7CEeO0fC0xAqk4BXVjFky4L+D+U2+g47Heed6B+7xr0AgejB43T+RgBbfFj9eltKClS4Xx9hcL9AO+1F3UDzm/UMLycxIDETl90z9PPQ4fsuUsguvsJskJM1pk4+CE7oVr4Kzcoz/613kZ6Wj9Uagi7zfFVrziKFUQM0Dp7JpCn8puDG4QPrzu3O/UDVhFPhtsidL4uccz5/9koJTqCjNcAI4jXmFfXIsMDvAyI+xJFoKWjUKJjT5TcjuX6g/huRTzklG11kq0AD+Hw5+rBH9DocWTB47/djuulJqxGhQLOYhjQlZmtAwLkvLz1mj/aVBlbnGBfWMHTXSNP0pMMEcci69Rw0od4tUyyMfdG3LcmCGbC/KbTuUp+QjXxn82s0O+FUEzGazaNOP0Ej8xPTqyk7J9dU7vCWxCy2QAAXYst+iCOEKYzmQtxIoS+i4t9iuah9vGgkED2koTMC/t/L7SGk1pOdgfuq3awehQCow5LhJR0v+/9Xm6ryNi/ZP/mr/hlH6/gkrVrG134ic4jzZm7A/BGLvgqGlDVn/8ai5dzGt+jU7wwSr1i/u/Yum8QE2UAkbbXiYcj39jf79bUx4Bhibu91sy/kgZEdNRZD7pw5xNNAgNnRUOLDLtmuzK07/zcK6MmyDP/SaAbf4fZ2lj7w==\n",
            "public_key_pem": "-----BEGIN PUBLIC KEY-----\nMIICIjANBgkqhkiG9w0BAQEFAAOCAg8AMIICCgKCAgEAvTl3qVxivYFcJfS2p+ce\nwhHjtHwtMQKpOAV1YxZMuC/g/lNvoOOx3nnegfu8a9AIHoweN0/kYAW3xY/XpbSg\npUuF8fYXC/QDvtRd1A85v1DC8nMSAxE5fdM/Tz0OH7LlLILr7CbJCTNaZOPghO6F\na+Cs3KM/+td5Gelo/VGoIu83xVa84ihVEDNA6eyaQp/KbgxuED687tzv1A1YRT4b\nbInS+LnHM+f/ZKCU6gozXACOI15hX1yLDA7wMiPsSRaClo1CiY0+U3I7l+oP4bkU\n85JRtdZKtAA/h8OfqwR/Q6HFkweO/3Y7rpSasRoUCzmIY0JWZrQMC5Ly89Zo/2lQ\nZW5xgX1jB010jT9KTDBHHIuvUcNKHeLVMsjH3Rty3Jghmwvym07lKfkI18Z/NrND\nvhVBMxms2jTj9BI/MT06spOyfXVO7wlsQstkAAF2LLfogjhCmM5kLcSKEvouLfYr\nmofbxoJBA9pKEzAv7fy+0hpNaTnYH7qt2sHoUAqMOS4SUdL/v/V5uq8jYv2T/5q/\n4ZR+v4JK1axtd+InOI82ZuwPwRi74KhpQ1Z//GouXcxrfo1O8MEq9Yv7v2LpvEBN\nlAJG214mHI9/Y3+/W1MeAYYm7vdbMv5IGRHTUWQ+6cOcTTQIDZ0VDiwy7ZrsytO/\n83CujJsgz/0mgG3+H2dpY+8CAwEAAQ==\n-----END PUBLIC KEY-----\n",
            "rsa_bits": 4096
          },
          "sensitive_attributes": []
        }
      ]
    },
    {
      "module": "module.parameter_store_module",
      "mode": "managed",
      "type": "aws_ssm_parameter",
      "name": "secure_parameter",
      "provider": "provider[\"registry.terraform.io/hashicorp/aws\"]",
      "instances": [
        {
          "schema_version": 0,
          "attributes": {
            "allowed_pattern": "",
            "arn": "arn:aws:ssm:us-east-1:553763657971:parameter/requip/be",
            "data_type": "text",
            "description": "My secure parameter",
            "id": "/requip/be",
            "insecure_value": null,
            "key_id": "alias/aws/ssm",
            "name": "/requip/be",
            "overwrite": null,
            "tags": {
              "Account_ID": "553763657971",
              "Environment": "Production",
              "Project_Name": "Requip",
              "Region": "us-east-1"
            },
            "tags_all": {
              "Account_ID": "553763657971",
              "Environment": "Production",
              "Project_Name": "Requip",
              "Region": "us-east-1"
            },
            "tier": "Standard",
            "type": "SecureString",
            "value": "TEST VALUE AFTER DEPLOYMENT",
            "version": 1
          },
          "sensitive_attributes": [],
          "private": "bnVsbA=="
        }
      ]
    }
  ],
  "check_results": null
}
