{
  "version": 4,
  "terraform_version": "1.7.0",
  "serial": 605,
  "lineage": "6cddf516-53cf-e3e8-8b9e-af08dfa58130",
  "outputs": {
    "ec2_instance_ssh_details": {
      "value": "ssh -i \"private-key.pem\" ec2-user@3.217.9.32.compute-1.amazonaws.com",
      "type": "string"
    },
    "module_ec2_instance_details": {
      "value": {
        "instance_id": "i-0665c267b683c0bcc",
        "instance_name": "production_instance"
      },
      "type": [
        "object",
        {
          "instance_id": "string",
          "instance_name": "string"
        }
      ]
    },
    "parameter_store_name": {
      "value": "/requip/be",
      "type": "string"
    }
  },
  "resources": [
    {
      "module": "module.code_pipeline_module",
      "mode": "managed",
      "type": "aws_codedeploy_app",
      "name": "code_pipeline_app",
      "provider": "provider[\"registry.terraform.io/hashicorp/aws\"]",
      "instances": [
        {
          "schema_version": 0,
          "attributes": {
            "application_id": "31892d64-d981-4fc0-84d0-ffc7a6e4ad95",
            "arn": "arn:aws:codedeploy:us-east-1:553763657971:application:codePipeline-application",
            "compute_platform": "Server",
            "github_account_name": "",
            "id": "31892d64-d981-4fc0-84d0-ffc7a6e4ad95:codePipeline-application",
            "linked_to_github": false,
            "name": "codePipeline-application",
            "tags": {},
            "tags_all": {}
          },
          "sensitive_attributes": [],
          "private": "bnVsbA=="
        }
      ]
    },
    {
      "module": "module.code_pipeline_module",
      "mode": "managed",
      "type": "aws_codedeploy_deployment_group",
      "name": "codedeploy_group",
      "provider": "provider[\"registry.terraform.io/hashicorp/aws\"]",
      "instances": [
        {
          "schema_version": 0,
          "attributes": {
            "alarm_configuration": [],
            "app_name": "codePipeline-application",
            "arn": "arn:aws:codedeploy:us-east-1:553763657971:deploymentgroup:codePipeline-application/codedeploy-deployment-group",
            "auto_rollback_configuration": [],
            "autoscaling_groups": [],
            "blue_green_deployment_config": [],
            "compute_platform": "Server",
            "deployment_config_name": "CodeDeployDefault.AllAtOnce",
            "deployment_group_id": "4d27eb95-0d06-4727-bceb-ceac53827d09",
            "deployment_group_name": "codedeploy-deployment-group",
            "deployment_style": [
              {
                "deployment_option": "WITHOUT_TRAFFIC_CONTROL",
                "deployment_type": "IN_PLACE"
              }
            ],
            "ec2_tag_filter": [
              {
                "key": "Name",
                "type": "KEY_AND_VALUE",
                "value": "production_instance"
              }
            ],
            "ec2_tag_set": [],
            "ecs_service": [],
            "id": "4d27eb95-0d06-4727-bceb-ceac53827d09",
            "load_balancer_info": [],
            "on_premises_instance_tag_filter": [],
            "outdated_instances_strategy": "UPDATE",
            "service_role_arn": "arn:aws:iam::553763657971:role/codedeploy-service-role",
            "tags": {},
            "tags_all": {},
            "trigger_configuration": []
          },
          "sensitive_attributes": [],
          "private": "bnVsbA==",
          "dependencies": [
            "module.code_pipeline_module.aws_codedeploy_app.code_pipeline_app",
            "module.code_pipeline_module.aws_iam_role.codedeploy_role",
            "module.ec2_instance_module.aws_iam_instance_profile.EC2_instance_profile",
            "module.ec2_instance_module.aws_iam_role.EC2_Service_Role",
            "module.ec2_instance_module.aws_instance.ec2_instance",
            "module.ec2_instance_module.aws_key_pair.ec2_key_pair",
            "module.ec2_instance_module.aws_security_group.ec2_security_group",
            "module.ec2_instance_module.tls_private_key.key"
          ]
        }
      ]
    },
    {
      "module": "module.code_pipeline_module",
      "mode": "managed",
      "type": "aws_codepipeline",
      "name": "example_pipeline",
      "provider": "provider[\"registry.terraform.io/hashicorp/aws\"]",
      "instances": [
        {
          "schema_version": 0,
          "attributes": {
            "arn": "arn:aws:codepipeline:us-east-1:553763657971:example-pipeline",
            "artifact_store": [
              {
                "encryption_key": [],
                "location": "example-artifact-bucket-some-more-me-random-meeeee",
                "region": "",
                "type": "S3"
              }
            ],
            "id": "example-pipeline",
            "name": "example-pipeline",
            "pipeline_type": "V1",
            "role_arn": "arn:aws:iam::553763657971:role/codepipeline-role",
            "stage": [
              {
                "action": [
                  {
                    "category": "Source",
                    "configuration": {
                      "BranchName": "main",
                      "ConnectionArn": "arn:aws:codestar-connections:us-east-1:553763657971:connection/99b46435-d2be-482b-b00c-c449716f1cde",
                      "FullRepositoryId": "rafay-tariq/EarthAdventureBackend",
                      "OutputArtifactFormat": "CODE_ZIP"
                    },
                    "input_artifacts": [],
                    "name": "SourceAction",
                    "namespace": "",
                    "output_artifacts": [
                      "SourceArtifact"
                    ],
                    "owner": "AWS",
                    "provider": "CodeStarSourceConnection",
                    "region": "",
                    "role_arn": "",
                    "run_order": 1,
                    "version": "1"
                  }
                ],
                "name": "Source-Stage"
              },
              {
                "action": [
                  {
                    "category": "Deploy",
                    "configuration": {
                      "ApplicationName": "codePipeline-application",
                      "DeploymentGroupName": "codedeploy-deployment-group"
                    },
                    "input_artifacts": [
                      "SourceArtifact"
                    ],
                    "name": "DeployAction",
                    "namespace": "",
                    "output_artifacts": [],
                    "owner": "AWS",
                    "provider": "CodeDeploy",
                    "region": "",
                    "role_arn": "",
                    "run_order": 1,
                    "version": "1"
                  }
                ],
                "name": "Deploy"
              }
            ],
            "tags": {
              "Account_ID": "553763657971",
              "Environment": "Production",
              "Project_Name": "Requip",
              "Region": "us-east-1"
            },
            "tags_all": {
              "Account_ID": "553763657971",
              "Environment": "Production",
              "Project_Name": "Requip",
              "Region": "us-east-1"
            },
            "variable": []
          },
          "sensitive_attributes": [],
          "private": "bnVsbA==",
          "dependencies": [
            "module.code_pipeline_module.aws_codedeploy_app.code_pipeline_app",
            "module.code_pipeline_module.aws_codedeploy_deployment_group.codedeploy_group",
            "module.code_pipeline_module.aws_iam_role.codedeploy_role",
            "module.code_pipeline_module.aws_iam_role.codepipeline_role",
            "module.code_pipeline_module.aws_s3_bucket.store_pipeline_artifacts_bucket",
            "module.ec2_instance_module.aws_iam_instance_profile.EC2_instance_profile",
            "module.ec2_instance_module.aws_iam_role.EC2_Service_Role",
            "module.ec2_instance_module.aws_instance.ec2_instance",
            "module.ec2_instance_module.aws_key_pair.ec2_key_pair",
            "module.ec2_instance_module.aws_security_group.ec2_security_group",
            "module.ec2_instance_module.tls_private_key.key"
          ]
        }
      ]
    },
    {
      "module": "module.code_pipeline_module",
      "mode": "managed",
      "type": "aws_iam_policy",
      "name": "codedeploy_policy",
      "provider": "provider[\"registry.terraform.io/hashicorp/aws\"]",
      "instances": [
        {
          "schema_version": 0,
          "attributes": {
            "arn": "arn:aws:iam::553763657971:policy/codedeploy-policy",
            "description": "IAM policy for CodePipeline to deploy applications using CodeDeploy",
            "id": "arn:aws:iam::553763657971:policy/codedeploy-policy",
            "name": "codedeploy-policy",
            "name_prefix": "",
            "path": "/",
            "policy": "{\"Statement\":[{\"Action\":\"codedeploy:*\",\"Effect\":\"Allow\",\"Resource\":\"*\"}],\"Version\":\"2012-10-17\"}",
            "policy_id": "ANPAYB3XC3DZ6CWJEP6VA",
            "tags": {},
            "tags_all": {}
          },
          "sensitive_attributes": [],
          "private": "bnVsbA=="
        }
      ]
    },
    {
      "module": "module.code_pipeline_module",
      "mode": "managed",
      "type": "aws_iam_policy",
      "name": "codepipeline_s3_policy",
      "provider": "provider[\"registry.terraform.io/hashicorp/aws\"]",
      "instances": [
        {
          "schema_version": 0,
          "attributes": {
            "arn": "arn:aws:iam::553763657971:policy/codepipeline-s3-policy",
            "description": "IAM policy for CodePipeline to upload artifacts to S3 bucket",
            "id": "arn:aws:iam::553763657971:policy/codepipeline-s3-policy",
            "name": "codepipeline-s3-policy",
            "name_prefix": "",
            "path": "/",
            "policy": "{\"Statement\":[{\"Action\":\"s3:*\",\"Effect\":\"Allow\",\"Resource\":\"*\"}],\"Version\":\"2012-10-17\"}",
            "policy_id": "ANPAYB3XC3DZSTSVC3TRB",
            "tags": {},
            "tags_all": {}
          },
          "sensitive_attributes": [],
          "private": "bnVsbA=="
        }
      ]
    },
    {
      "module": "module.code_pipeline_module",
      "mode": "managed",
      "type": "aws_iam_policy_attachment",
      "name": "codedeploy_policy_attachment",
      "provider": "provider[\"registry.terraform.io/hashicorp/aws\"]",
      "instances": [
        {
          "schema_version": 0,
          "attributes": {
            "groups": [],
            "id": "codedeploy-policy-attachment",
            "name": "codedeploy-policy-attachment",
            "policy_arn": "arn:aws:iam::aws:policy/service-role/AWSCodeDeployRole",
            "roles": [
              "codedeploy-service-role"
            ],
            "users": []
          },
          "sensitive_attributes": [],
          "private": "bnVsbA==",
          "dependencies": [
            "module.code_pipeline_module.aws_iam_role.codedeploy_role"
          ]
        }
      ]
    },
    {
      "module": "module.code_pipeline_module",
      "mode": "managed",
      "type": "aws_iam_policy_attachment",
      "name": "codepipeline_attachment",
      "provider": "provider[\"registry.terraform.io/hashicorp/aws\"]",
      "instances": [
        {
          "schema_version": 0,
          "attributes": {
            "groups": [],
            "id": "codepipeline-policy-attachment",
            "name": "codepipeline-policy-attachment",
            "policy_arn": "arn:aws:iam::aws:policy/AWSCodePipeline_FullAccess",
            "roles": [
              "codepipeline-role"
            ],
            "users": []
          },
          "sensitive_attributes": [],
          "private": "bnVsbA==",
          "dependencies": [
            "module.code_pipeline_module.aws_iam_role.codepipeline_role"
          ]
        }
      ]
    },
    {
      "module": "module.code_pipeline_module",
      "mode": "managed",
      "type": "aws_iam_role",
      "name": "codedeploy_role",
      "provider": "provider[\"registry.terraform.io/hashicorp/aws\"]",
      "instances": [
        {
          "schema_version": 0,
          "attributes": {
            "arn": "arn:aws:iam::553763657971:role/codedeploy-service-role",
            "assume_role_policy": "{\"Statement\":[{\"Action\":\"sts:AssumeRole\",\"Effect\":\"Allow\",\"Principal\":{\"Service\":\"codedeploy.amazonaws.com\"}}],\"Version\":\"2012-10-17\"}",
            "create_date": "2024-01-27T17:57:34Z",
            "description": "",
            "force_detach_policies": false,
            "id": "codedeploy-service-role",
            "inline_policy": [],
            "managed_policy_arns": [
              "arn:aws:iam::aws:policy/service-role/AWSCodeDeployRole"
            ],
            "max_session_duration": 3600,
            "name": "codedeploy-service-role",
            "name_prefix": "",
            "path": "/",
            "permissions_boundary": "",
            "tags": {},
            "tags_all": {},
            "unique_id": "AROAYB3XC3DZU3YINOVCL"
          },
          "sensitive_attributes": [],
          "private": "bnVsbA=="
        }
      ]
    },
    {
      "module": "module.code_pipeline_module",
      "mode": "managed",
      "type": "aws_iam_role",
      "name": "codepipeline_role",
      "provider": "provider[\"registry.terraform.io/hashicorp/aws\"]",
      "instances": [
        {
          "schema_version": 0,
          "attributes": {
            "arn": "arn:aws:iam::553763657971:role/codepipeline-role",
            "assume_role_policy": "{\"Statement\":[{\"Action\":\"sts:AssumeRole\",\"Effect\":\"Allow\",\"Principal\":{\"Service\":\"codepipeline.amazonaws.com\"}}],\"Version\":\"2012-10-17\"}",
            "create_date": "2024-01-27T17:57:34Z",
            "description": "",
            "force_detach_policies": false,
            "id": "codepipeline-role",
            "inline_policy": [
              {
                "name": "codepipeline-assume-role-policy",
                "policy": "{\"Version\":\"2012-10-17\",\"Statement\":[{\"Action\":\"codestar-connections:UseConnection\",\"Effect\":\"Allow\",\"Resource\":\"*\"}]}"
              }
            ],
            "managed_policy_arns": [
              "arn:aws:iam::553763657971:policy/codedeploy-policy",
              "arn:aws:iam::553763657971:policy/codepipeline-s3-policy",
              "arn:aws:iam::aws:policy/AWSCodePipeline_FullAccess"
            ],
            "max_session_duration": 3600,
            "name": "codepipeline-role",
            "name_prefix": "",
            "path": "/",
            "permissions_boundary": "",
            "tags": {},
            "tags_all": {},
            "unique_id": "AROAYB3XC3DZ7RCJJTIMT"
          },
          "sensitive_attributes": [],
          "private": "bnVsbA=="
        }
      ]
    },
    {
      "module": "module.code_pipeline_module",
      "mode": "managed",
      "type": "aws_iam_role_policy",
      "name": "codepipeline_assume_role_policy",
      "provider": "provider[\"registry.terraform.io/hashicorp/aws\"]",
      "instances": [
        {
          "schema_version": 0,
          "attributes": {
            "id": "codepipeline-role:codepipeline-assume-role-policy",
            "name": "codepipeline-assume-role-policy",
            "name_prefix": "",
            "policy": "{\"Version\":\"2012-10-17\",\"Statement\":[{\"Action\":\"codestar-connections:UseConnection\",\"Effect\":\"Allow\",\"Resource\":\"*\"}]}",
            "role": "codepipeline-role"
          },
          "sensitive_attributes": [],
          "private": "bnVsbA==",
          "dependencies": [
            "module.code_pipeline_module.aws_iam_role.codepipeline_role"
          ]
        }
      ]
    },
    {
      "module": "module.code_pipeline_module",
      "mode": "managed",
      "type": "aws_iam_role_policy_attachment",
      "name": "codedeploy_policy_attachment",
      "provider": "provider[\"registry.terraform.io/hashicorp/aws\"]",
      "instances": [
        {
          "schema_version": 0,
          "attributes": {
            "id": "codepipeline-role-20240127175734846200000003",
            "policy_arn": "arn:aws:iam::553763657971:policy/codedeploy-policy",
            "role": "codepipeline-role"
          },
          "sensitive_attributes": [],
          "private": "bnVsbA==",
          "dependencies": [
            "module.code_pipeline_module.aws_iam_policy.codedeploy_policy",
            "module.code_pipeline_module.aws_iam_role.codepipeline_role"
          ]
        }
      ]
    },
    {
      "module": "module.code_pipeline_module",
      "mode": "managed",
      "type": "aws_iam_role_policy_attachment",
      "name": "codepipeline_s3_policy_attachment",
      "provider": "provider[\"registry.terraform.io/hashicorp/aws\"]",
      "instances": [
        {
          "schema_version": 0,
          "attributes": {
            "id": "codepipeline-role-20240127175735045600000004",
            "policy_arn": "arn:aws:iam::553763657971:policy/codepipeline-s3-policy",
            "role": "codepipeline-role"
          },
          "sensitive_attributes": [],
          "private": "bnVsbA==",
          "dependencies": [
            "module.code_pipeline_module.aws_iam_policy.codepipeline_s3_policy",
            "module.code_pipeline_module.aws_iam_role.codepipeline_role"
          ]
        }
      ]
    },
    {
      "module": "module.code_pipeline_module",
      "mode": "managed",
      "type": "aws_s3_bucket",
      "name": "store_pipeline_artifacts_bucket",
      "provider": "provider[\"registry.terraform.io/hashicorp/aws\"]",
      "instances": [
        {
          "schema_version": 0,
          "attributes": {
            "acceleration_status": "",
            "acl": null,
            "arn": "arn:aws:s3:::example-artifact-bucket-some-more-me-random-meeeee",
            "bucket": "example-artifact-bucket-some-more-me-random-meeeee",
            "bucket_domain_name": "example-artifact-bucket-some-more-me-random-meeeee.s3.amazonaws.com",
            "bucket_prefix": "",
            "bucket_regional_domain_name": "example-artifact-bucket-some-more-me-random-meeeee.s3.us-east-1.amazonaws.com",
            "cors_rule": [],
            "force_destroy": true,
            "grant": [
              {
                "id": "4275c824cf4be9f990dfbde46f8fde51bf47e2a256ce9e09c951fd6f59533ace",
                "permissions": [
                  "FULL_CONTROL"
                ],
                "type": "CanonicalUser",
                "uri": ""
              }
            ],
            "hosted_zone_id": "Z3AQBSTGFYJSTF",
            "id": "example-artifact-bucket-some-more-me-random-meeeee",
            "lifecycle_rule": [],
            "logging": [],
            "object_lock_configuration": [],
            "object_lock_enabled": false,
            "policy": "",
            "region": "us-east-1",
            "replication_configuration": [],
            "request_payer": "BucketOwner",
            "server_side_encryption_configuration": [
              {
                "rule": [
                  {
                    "apply_server_side_encryption_by_default": [
                      {
                        "kms_master_key_id": "",
                        "sse_algorithm": "AES256"
                      }
                    ],
                    "bucket_key_enabled": false
                  }
                ]
              }
            ],
            "tags": {},
            "tags_all": {},
            "timeouts": null,
            "versioning": [
              {
                "enabled": false,
                "mfa_delete": false
              }
            ],
            "website": [],
            "website_domain": null,
            "website_endpoint": null
          },
          "sensitive_attributes": [],
          "private": "eyJlMmJmYjczMC1lY2FhLTExZTYtOGY4OC0zNDM2M2JjN2M0YzAiOnsiY3JlYXRlIjoxMjAwMDAwMDAwMDAwLCJkZWxldGUiOjM2MDAwMDAwMDAwMDAsInJlYWQiOjEyMDAwMDAwMDAwMDAsInVwZGF0ZSI6MTIwMDAwMDAwMDAwMH19"
        }
      ]
    },
    {
      "module": "module.ec2_instance_module",
      "mode": "managed",
      "type": "aws_eip",
      "name": "aws_instance_elastic_ip",
      "provider": "provider[\"registry.terraform.io/hashicorp/aws\"]",
      "instances": [
        {
          "schema_version": 0,
          "attributes": {
            "address": null,
            "allocation_id": "eipalloc-09d62b1452c2d0203",
            "associate_with_private_ip": null,
            "association_id": "eipassoc-06170c9759bd7c2c9",
            "carrier_ip": "",
            "customer_owned_ip": "",
            "customer_owned_ipv4_pool": "",
            "domain": "vpc",
            "id": "eipalloc-09d62b1452c2d0203",
            "instance": "i-0665c267b683c0bcc",
            "network_border_group": "us-east-1",
            "network_interface": "eni-04c2e5071694576d3",
            "private_dns": "ip-172-31-39-245.ec2.internal",
            "private_ip": "172.31.39.245",
            "public_dns": "ec2-3-217-9-32.compute-1.amazonaws.com",
            "public_ip": "3.217.9.32",
            "public_ipv4_pool": "amazon",
            "tags": {
              "Account_ID": "553763657971",
              "Environment": "Production",
              "Project_Name": "Requip",
              "Region": "us-east-1"
            },
            "tags_all": {
              "Account_ID": "553763657971",
              "Environment": "Production",
              "Project_Name": "Requip",
              "Region": "us-east-1"
            },
            "timeouts": null,
            "vpc": true
          },
          "sensitive_attributes": [],
          "private": "eyJlMmJmYjczMC1lY2FhLTExZTYtOGY4OC0zNDM2M2JjN2M0YzAiOnsiZGVsZXRlIjoxODAwMDAwMDAwMDAsInJlYWQiOjkwMDAwMDAwMDAwMCwidXBkYXRlIjozMDAwMDAwMDAwMDB9fQ==",
          "dependencies": [
            "module.ec2_instance_module.aws_iam_instance_profile.EC2_instance_profile",
            "module.ec2_instance_module.aws_iam_role.EC2_Service_Role",
            "module.ec2_instance_module.aws_instance.ec2_instance",
            "module.ec2_instance_module.aws_key_pair.ec2_key_pair",
            "module.ec2_instance_module.aws_security_group.ec2_security_group",
            "module.ec2_instance_module.tls_private_key.key"
          ]
        }
      ]
    },
    {
      "module": "module.ec2_instance_module",
      "mode": "managed",
      "type": "aws_iam_instance_profile",
      "name": "EC2_instance_profile",
      "provider": "provider[\"registry.terraform.io/hashicorp/aws\"]",
      "instances": [
        {
          "schema_version": 0,
          "attributes": {
            "arn": "arn:aws:iam::553763657971:instance-profile/ec2-role",
            "create_date": "2024-01-27T17:57:35Z",
            "id": "ec2-role",
            "name": "ec2-role",
            "name_prefix": "",
            "path": "/",
            "role": "ec2-role",
            "tags": {
              "Account_ID": "553763657971",
              "Environment": "Production",
              "Project_Name": "Requip",
              "Region": "us-east-1"
            },
            "tags_all": {
              "Account_ID": "553763657971",
              "Environment": "Production",
              "Project_Name": "Requip",
              "Region": "us-east-1"
            },
            "unique_id": "AIPAYB3XC3DZ7DOGOYQRX"
          },
          "sensitive_attributes": [],
          "private": "bnVsbA==",
          "dependencies": [
            "module.ec2_instance_module.aws_iam_role.EC2_Service_Role"
          ]
        }
      ]
    },
    {
      "module": "module.ec2_instance_module",
      "mode": "managed",
      "type": "aws_iam_role",
      "name": "EC2_Service_Role",
      "provider": "provider[\"registry.terraform.io/hashicorp/aws\"]",
      "instances": [
        {
          "schema_version": 0,
          "attributes": {
            "arn": "arn:aws:iam::553763657971:role/ec2-role",
            "assume_role_policy": "{\"Statement\":[{\"Action\":\"sts:AssumeRole\",\"Effect\":\"Allow\",\"Principal\":{\"Service\":\"ec2.amazonaws.com\"}}],\"Version\":\"2012-10-17\"}",
            "create_date": "2024-01-27T17:57:34Z",
            "description": "",
            "force_detach_policies": false,
            "id": "ec2-role",
            "inline_policy": [],
            "managed_policy_arns": [
              "arn:aws:iam::aws:policy/AmazonS3ReadOnlyAccess",
              "arn:aws:iam::aws:policy/CloudWatchLogsFullAccess"
            ],
            "max_session_duration": 3600,
            "name": "ec2-role",
            "name_prefix": "",
            "path": "/",
            "permissions_boundary": "",
            "tags": {
              "Account_ID": "553763657971",
              "Environment": "Production",
              "Project_Name": "Requip",
              "Region": "us-east-1"
            },
            "tags_all": {
              "Account_ID": "553763657971",
              "Environment": "Production",
              "Project_Name": "Requip",
              "Region": "us-east-1"
            },
            "unique_id": "AROAYB3XC3DZ4YTAOK4IT"
          },
          "sensitive_attributes": [],
          "private": "bnVsbA=="
        }
      ]
    },
    {
      "module": "module.ec2_instance_module",
      "mode": "managed",
      "type": "aws_iam_role_policy_attachment",
      "name": "ec2_role_permissions",
      "provider": "provider[\"registry.terraform.io/hashicorp/aws\"]",
      "instances": [
        {
          "index_key": 0,
          "schema_version": 0,
          "attributes": {
            "id": "ec2-role-20240127175734803200000002",
            "policy_arn": "arn:aws:iam::aws:policy/AmazonS3ReadOnlyAccess",
            "role": "ec2-role"
          },
          "sensitive_attributes": [],
          "private": "bnVsbA==",
          "dependencies": [
            "module.ec2_instance_module.aws_iam_role.EC2_Service_Role"
          ]
        },
        {
          "index_key": 1,
          "schema_version": 0,
          "attributes": {
            "id": "ec2-role-20240127175734803200000001",
            "policy_arn": "arn:aws:iam::aws:policy/CloudWatchLogsFullAccess",
            "role": "ec2-role"
          },
          "sensitive_attributes": [],
          "private": "bnVsbA==",
          "dependencies": [
            "module.ec2_instance_module.aws_iam_role.EC2_Service_Role"
          ]
        }
      ]
    },
    {
      "module": "module.ec2_instance_module",
      "mode": "managed",
      "type": "aws_instance",
      "name": "ec2_instance",
      "provider": "provider[\"registry.terraform.io/hashicorp/aws\"]",
      "instances": [
        {
          "schema_version": 1,
          "attributes": {
            "ami": "ami-0a3c3a20c09d6f377",
            "arn": "arn:aws:ec2:us-east-1:553763657971:instance/i-0665c267b683c0bcc",
            "associate_public_ip_address": true,
            "availability_zone": "us-east-1d",
            "capacity_reservation_specification": [
              {
                "capacity_reservation_preference": "open",
                "capacity_reservation_target": []
              }
            ],
            "cpu_core_count": 1,
            "cpu_options": [
              {
                "amd_sev_snp": "",
                "core_count": 1,
                "threads_per_core": 1
              }
            ],
            "cpu_threads_per_core": 1,
            "credit_specification": [
              {
                "cpu_credits": "standard"
              }
            ],
            "disable_api_stop": false,
            "disable_api_termination": false,
            "ebs_block_device": [],
            "ebs_optimized": false,
            "enclave_options": [
              {
                "enabled": false
              }
            ],
            "ephemeral_block_device": [],
            "get_password_data": false,
            "hibernation": false,
            "host_id": "",
            "host_resource_group_arn": null,
            "iam_instance_profile": "ec2-role",
            "id": "i-0665c267b683c0bcc",
            "instance_initiated_shutdown_behavior": "stop",
            "instance_lifecycle": "",
            "instance_market_options": [],
            "instance_state": "running",
            "instance_type": "t2.micro",
            "ipv6_address_count": 0,
            "ipv6_addresses": [],
            "key_name": "private-key",
            "launch_template": [],
            "maintenance_options": [
              {
                "auto_recovery": "default"
              }
            ],
            "metadata_options": [
              {
                "http_endpoint": "enabled",
                "http_protocol_ipv6": "disabled",
                "http_put_response_hop_limit": 2,
                "http_tokens": "required",
                "instance_metadata_tags": "disabled"
              }
            ],
            "monitoring": false,
            "network_interface": [],
            "outpost_arn": "",
            "password_data": "",
            "placement_group": "",
            "placement_partition_number": 0,
            "primary_network_interface_id": "eni-04c2e5071694576d3",
            "private_dns": "ip-172-31-39-245.ec2.internal",
            "private_dns_name_options": [
              {
                "enable_resource_name_dns_a_record": false,
                "enable_resource_name_dns_aaaa_record": false,
                "hostname_type": "ip-name"
              }
            ],
            "private_ip": "172.31.39.245",
            "public_dns": "ec2-3-217-9-32.compute-1.amazonaws.com",
            "public_ip": "3.217.9.32",
            "root_block_device": [
              {
                "delete_on_termination": true,
                "device_name": "/dev/xvda",
                "encrypted": false,
                "iops": 3000,
                "kms_key_id": "",
                "tags": {},
                "throughput": 125,
                "volume_id": "vol-09f0cc9488fb0f2e7",
                "volume_size": 8,
                "volume_type": "gp3"
              }
            ],
            "secondary_private_ips": [],
            "security_groups": [
              "ec2-security-group"
            ],
            "source_dest_check": true,
            "spot_instance_request_id": "",
            "subnet_id": "subnet-01c6d7b229d613a91",
            "tags": {
              "Account_ID": "553763657971",
              "Environment": "Production",
              "Name": "production_instance",
              "Project_Name": "Requip",
              "Region": "us-east-1"
            },
            "tags_all": {
              "Account_ID": "553763657971",
              "Environment": "Production",
              "Name": "production_instance",
              "Project_Name": "Requip",
              "Region": "us-east-1"
            },
            "tenancy": "default",
            "timeouts": null,
            "user_data": "ebb36835232450f4d60d210c277a9271fcb67011",
            "user_data_base64": null,
            "user_data_replace_on_change": false,
            "volume_tags": null,
            "vpc_security_group_ids": [
              "sg-0e622f0018fbf91d8"
            ]
          },
          "sensitive_attributes": [],
          "private": "eyJlMmJmYjczMC1lY2FhLTExZTYtOGY4OC0zNDM2M2JjN2M0YzAiOnsiY3JlYXRlIjo2MDAwMDAwMDAwMDAsImRlbGV0ZSI6MTIwMDAwMDAwMDAwMCwidXBkYXRlIjo2MDAwMDAwMDAwMDB9LCJzY2hlbWFfdmVyc2lvbiI6IjEifQ==",
          "dependencies": [
            "module.ec2_instance_module.aws_iam_instance_profile.EC2_instance_profile",
            "module.ec2_instance_module.aws_iam_role.EC2_Service_Role",
            "module.ec2_instance_module.aws_key_pair.ec2_key_pair",
            "module.ec2_instance_module.aws_security_group.ec2_security_group",
            "module.ec2_instance_module.tls_private_key.key"
          ]
        }
      ]
    },
    {
      "module": "module.ec2_instance_module",
      "mode": "managed",
      "type": "aws_key_pair",
      "name": "ec2_key_pair",
      "provider": "provider[\"registry.terraform.io/hashicorp/aws\"]",
      "instances": [
        {
          "schema_version": 1,
          "attributes": {
            "arn": "arn:aws:ec2:us-east-1:553763657971:key-pair/private-key",
            "fingerprint": "f1:86:ec:be:3c:15:1c:4e:a0:cc:65:8f:e3:a0:65:eb",
            "id": "private-key",
            "key_name": "private-key",
            "key_name_prefix": "",
            "key_pair_id": "key-0e2917ab1ba21a5ea",
            "key_type": "rsa",
            "public_key": "ssh-rsa AAAAB3NzaC1yc2EAAAADAQABAAACAQDNxoWTJ8X+NWssYDKR1kdkI/TREmWv3gwwNCcHF41FUYwD9zoLIYXYoN4cyAwsBFlplp2czA/cEzyAyUgUsNFWSGUoEv/B+s/1h6kYobtpnx2zfvuie8gR+aVZD2tJPU7CJWP6ekzfJfjhTgFk3w8srZGRbynw3UCq5nSZxm3UzZTFtPb4Vp3QL7fPqv+Mi1H/I6BJZGB4mhGL82/7UId1QOHtOu+2RzMxA4un6nV++PS7KpHvnAalaO/3b32WYUtJBaHdoQoh6i7YV2jWjbZE1DpYLGZFNNdAjur0skCvG5RmG3UTxf9mQ9Bur38ssOABO8Iez+s8WGQvgE6njgG+gAheCCgiUtq3SKRnK6sxJzAX5MDTrTflRnf/KD2LOK5PGN2iRqijs3uAde4aM8/LtL4CHD7+AEHZGB6nhYWtRf1EQ2pCnWrVqp9h6bQ2fDIdgz0IulBjgM/z/YHv/YVtzl5+QOM9krEQegLvn3r9lb/39plO3CPFxzSx1F+wdEpp1V0D8+uLYxnGbTsqKJdRrfcx6NPzbVy2AiAWxrDAwKCC1SFSz5M6Wgv+gYC6xzZxF+z98wdyjH7LJWNl/pyxN3hjoXf+KUnABx7jDOvhZ2Q8WTSG7v7orzzka38dJj4v//9r9NXI+0jUgAx4UVwUepHjLh7FY/s7tX7PlnJR2Q==",
            "tags": {
              "Account_ID": "553763657971",
              "Environment": "Production",
              "Project_Name": "Requip",
              "Region": "us-east-1"
            },
            "tags_all": {
              "Account_ID": "553763657971",
              "Environment": "Production",
              "Project_Name": "Requip",
              "Region": "us-east-1"
            }
          },
          "sensitive_attributes": [],
          "private": "eyJzY2hlbWFfdmVyc2lvbiI6IjEifQ==",
          "dependencies": [
            "module.ec2_instance_module.tls_private_key.key"
          ]
        }
      ]
    },
    {
      "module": "module.ec2_instance_module",
      "mode": "managed",
      "type": "aws_security_group",
      "name": "ec2_security_group",
      "provider": "provider[\"registry.terraform.io/hashicorp/aws\"]",
      "instances": [
        {
          "schema_version": 1,
          "attributes": {
            "arn": "arn:aws:ec2:us-east-1:553763657971:security-group/sg-0e622f0018fbf91d8",
            "description": "Security group attached with EC2",
            "egress": [],
            "id": "sg-0e622f0018fbf91d8",
            "ingress": [
              {
                "cidr_blocks": [
                  "0.0.0.0/0"
                ],
                "description": "",
                "from_port": 443,
                "ipv6_cidr_blocks": [],
                "prefix_list_ids": [],
                "protocol": "tcp",
                "security_groups": [],
                "self": false,
                "to_port": 443
              },
              {
                "cidr_blocks": [
                  "0.0.0.0/0"
                ],
                "description": "",
                "from_port": 80,
                "ipv6_cidr_blocks": [],
                "prefix_list_ids": [],
                "protocol": "tcp",
                "security_groups": [],
                "self": false,
                "to_port": 80
              },
              {
                "cidr_blocks": [
                  "72.255.40.255/32"
                ],
                "description": "",
                "from_port": 22,
                "ipv6_cidr_blocks": [],
                "prefix_list_ids": [],
                "protocol": "tcp",
                "security_groups": [],
                "self": false,
                "to_port": 22
              }
            ],
            "name": "ec2-security-group",
            "name_prefix": "",
            "owner_id": "553763657971",
            "revoke_rules_on_delete": false,
            "tags": {
              "Account_ID": "553763657971",
              "Environment": "Production",
              "Project_Name": "Requip",
              "Region": "us-east-1"
            },
            "tags_all": {
              "Account_ID": "553763657971",
              "Environment": "Production",
              "Project_Name": "Requip",
              "Region": "us-east-1"
            },
            "timeouts": null,
            "vpc_id": "vpc-0ac9fde093494750e"
          },
          "sensitive_attributes": [],
          "private": "eyJlMmJmYjczMC1lY2FhLTExZTYtOGY4OC0zNDM2M2JjN2M0YzAiOnsiY3JlYXRlIjo2MDAwMDAwMDAwMDAsImRlbGV0ZSI6OTAwMDAwMDAwMDAwfSwic2NoZW1hX3ZlcnNpb24iOiIxIn0="
        }
      ]
    },
    {
      "module": "module.ec2_instance_module",
      "mode": "managed",
      "type": "tls_private_key",
      "name": "key",
      "provider": "provider[\"registry.terraform.io/hashicorp/tls\"]",
      "instances": [
        {
          "schema_version": 1,
          "attributes": {
            "algorithm": "RSA",
            "ecdsa_curve": "P224",
            "id": "c5cb3c580d527584f88ec769d9d97d9b5aef6d21",
            "private_key_openssh": "-----BEGIN OPENSSH PRIVATE KEY-----\nb3BlbnNzaC1rZXktdjEAAAAABG5vbmUAAAAEbm9uZQAAAAAAAAABAAACFwAAAAdz\nc2gtcnNhAAAAAwEAAQAAAgEAzcaFkyfF/jVrLGAykdZHZCP00RJlr94MMDQnBxeN\nRVGMA/c6CyGF2KDeHMgMLARZaZadnMwP3BM8gMlIFLDRVkhlKBL/wfrP9YepGKG7\naZ8ds377onvIEfmlWQ9rST1OwiVj+npM3yX44U4BZN8PLK2RkW8p8N1AquZ0mcZt\n1M2UxbT2+Fad0C+3z6r/jItR/yOgSWRgeJoRi/Nv+1CHdUDh7TrvtkczMQOLp+p1\nfvj0uyqR75wGpWjv9299lmFLSQWh3aEKIeou2Fdo1o22RNQ6WCxmRTTXQI7q9LJA\nrxuUZht1E8X/ZkPQbq9/LLDgATvCHs/rPFhkL4BOp44BvoAIXggoIlLat0ikZyur\nMScwF+TA06035UZ3/yg9iziuTxjdokaoo7N7gHXuGjPPy7S+Ahw+/gBB2Rgep4WF\nrUX9RENqQp1q1aqfYem0NnwyHYM9CLpQY4DP8/2B7/2Fbc5efkDjPZKxEHoC7596\n/ZW/9/aZTtwjxcc0sdRfsHRKadVdA/Pri2MZxm07KiiXUa33MejT821ctgIgFsaw\nwMCggtUhUs+TOloL/oGAusc2cRfs/fMHcox+yyVjZf6csTd4Y6F3/ilJwAce4wzr\n4WdkPFk0hu7+6K885Gt/HSY+L///a/TVyPtI1IAMeFFcFHqR4y4exWP7O7V+z5Zy\nUdkAAAc40W7WItFu1iIAAAAHc3NoLXJzYQAAAgEAzcaFkyfF/jVrLGAykdZHZCP0\n0RJlr94MMDQnBxeNRVGMA/c6CyGF2KDeHMgMLARZaZadnMwP3BM8gMlIFLDRVkhl\nKBL/wfrP9YepGKG7aZ8ds377onvIEfmlWQ9rST1OwiVj+npM3yX44U4BZN8PLK2R\nkW8p8N1AquZ0mcZt1M2UxbT2+Fad0C+3z6r/jItR/yOgSWRgeJoRi/Nv+1CHdUDh\n7TrvtkczMQOLp+p1fvj0uyqR75wGpWjv9299lmFLSQWh3aEKIeou2Fdo1o22RNQ6\nWCxmRTTXQI7q9LJArxuUZht1E8X/ZkPQbq9/LLDgATvCHs/rPFhkL4BOp44BvoAI\nXggoIlLat0ikZyurMScwF+TA06035UZ3/yg9iziuTxjdokaoo7N7gHXuGjPPy7S+\nAhw+/gBB2Rgep4WFrUX9RENqQp1q1aqfYem0NnwyHYM9CLpQY4DP8/2B7/2Fbc5e\nfkDjPZKxEHoC7596/ZW/9/aZTtwjxcc0sdRfsHRKadVdA/Pri2MZxm07KiiXUa33\nMejT821ctgIgFsawwMCggtUhUs+TOloL/oGAusc2cRfs/fMHcox+yyVjZf6csTd4\nY6F3/ilJwAce4wzr4WdkPFk0hu7+6K885Gt/HSY+L///a/TVyPtI1IAMeFFcFHqR\n4y4exWP7O7V+z5ZyUdkAAAADAQABAAACABl5NvX1mYQTttXCfuAg56uU6+yp216/\nHUEmY6J0Hu/y3WNsSoowNzKPD4/+j8svKqZwl8heVqRG2VmUEVFGZlPJGISyfWjV\nFMNvbNZ4xwuXQAUFdj8yFZ1sCzUQPJbPeR19pXfPhg6l076IepGzL1y3i+q2GToR\nGb1OVCbpMpWCcaVb9qrdhiHMlnOl1obehGMSVPhg7bRgVkW9+CHjYTF5u74zapNl\nEwhBSRubYbo7NYiqB3DjHsuBRxuZeLGSD9DVWqlmEywJoozznS3aUzMIFsTtkieF\nGBSM3Lc4DdvfjSpqwb6V5z0Qrg/Vt+efacudSzWnRZat1pEu0A3b/YkPyqi9/dUT\nZbgzlAdob4dlFR2YQaqhDf5U9Sl48H5/3OJuKtxET6zXU+xHz5qwU8VJk8i7NJnu\njygU4T3KR7S2D1NJT3Bbxugr/I9OMxI2IxgJ+EVAQt0Hxq7tuVYQKm+cq06SxUMm\nxdO2pSmm0H4roBxRgYkbo3x+0QyizYdLkq83PTPzYdmpz/Ecwv//F77t+7AaGbZk\nh9cHFND3OzMMjvJAnP+wDBmOXAjPXyqxqh2Vdg6QSBuD7VAx4ZQlMapUDpmduYdR\nPIEW6gAYpL0SRbwLxU6LeXBkP3X83rCKTTK1ouULz3hBvlWCOtClbi/LUfFYa1Jm\nOZ9e4Yoa3TCBAAABAA5v5Cg+qxHEr8UWz7e+HIiL/cNhCKtPOTu0xAr6cA9WocwK\nLY6531qp8NygxbO4nQQpkqsdj8N4JEnWe1M09+kQKeL5ZOt4f/63c0iYXH/Wf3eG\njtRC7BOcF7VwOK5pVu9qnpZJFeKuNxO8omuaZ3yDrrqMWd+R2813eGcsbuSPN7lb\ntCdoNRl6Zyr1KfLvMSTICNFLWrE4xvMYavPnPDia16qqUiNzZ/pwCUoV9ShRMP75\n+vq6iFwOh6iy4sPjfaU19lZs9uBNlAlsJQ0Ss+qhyL0ffsk9kYwyON7j8Je0VPac\nkBoMdwrzAnS4OZWMv7hLz4Oj1JPR/4aHxdIUFrUAAAEBANrmzxKgKfn7E/b1sH3v\njbDFhgiJabpCkYIOAevJRmSObhh/XDUMnhPtVgVmy4Ap841BzFRVo2QFzXgmb0i+\nxkB3Zl4sGUGRZ0m9ybf1Teu+zGZeihWDlCtNgt1cS/NFUwarhwtYWORhEV+FOxrw\nrdV3eP+3Vi0fYUD+MOdAS75Vo8T+jLdznsuwud2V5H9NZnPmN/euOYxp00g8uRBQ\nP2647ujGDyGuDPbfam4s4V9e7cq1iktIcMElZ4P0tngAXsAh+ENKbLzjJriZeoBo\nGuv/TiXEmHdr6pWvhTpzJpaW87XvBEVTYjPx47sZ74NRO6IJ3dTgrRvWvfsNF/2i\nfckAAAEBAPCmOjcdSGy6SlOZmqziC6Kz0UXJ9KOUYVZONTXULhknOMiqbpxS7/oX\nkMdOdl4fBmbgIf8nEd9hGfseqcjs7PYPZqnNnip9c7boHfXoKyMjAW+oZ1cD3Onr\nHedvhB9wa9b5Uvdy6httjCr3XoBe3JsSYdIAFh5KWCU6t7WM4jsFcOa8VXRjkfpo\nnBRT7soU8ECkROPebet7Blp5DuNmVXeUoKdOynpPhx0Coy1cTcBrtzCz7sT5zI+n\nYzbZXrDeKNLArEvfN6is1BRE4SkfucPpgvanDAJBffe7DhYsMtyXRMhbW0My4e2o\n0OG29rt2UFuFgdGh+EzP1/0/W2Ht+5EAAAAAAQID\n-----END OPENSSH PRIVATE KEY-----\n",
            "private_key_pem": "-----BEGIN RSA PRIVATE KEY-----\nMIIJJwIBAAKCAgEAzcaFkyfF/jVrLGAykdZHZCP00RJlr94MMDQnBxeNRVGMA/c6\nCyGF2KDeHMgMLARZaZadnMwP3BM8gMlIFLDRVkhlKBL/wfrP9YepGKG7aZ8ds377\nonvIEfmlWQ9rST1OwiVj+npM3yX44U4BZN8PLK2RkW8p8N1AquZ0mcZt1M2UxbT2\n+Fad0C+3z6r/jItR/yOgSWRgeJoRi/Nv+1CHdUDh7TrvtkczMQOLp+p1fvj0uyqR\n75wGpWjv9299lmFLSQWh3aEKIeou2Fdo1o22RNQ6WCxmRTTXQI7q9LJArxuUZht1\nE8X/ZkPQbq9/LLDgATvCHs/rPFhkL4BOp44BvoAIXggoIlLat0ikZyurMScwF+TA\n06035UZ3/yg9iziuTxjdokaoo7N7gHXuGjPPy7S+Ahw+/gBB2Rgep4WFrUX9RENq\nQp1q1aqfYem0NnwyHYM9CLpQY4DP8/2B7/2Fbc5efkDjPZKxEHoC7596/ZW/9/aZ\nTtwjxcc0sdRfsHRKadVdA/Pri2MZxm07KiiXUa33MejT821ctgIgFsawwMCggtUh\nUs+TOloL/oGAusc2cRfs/fMHcox+yyVjZf6csTd4Y6F3/ilJwAce4wzr4WdkPFk0\nhu7+6K885Gt/HSY+L///a/TVyPtI1IAMeFFcFHqR4y4exWP7O7V+z5ZyUdkCAwEA\nAQKCAgAZeTb19ZmEE7bVwn7gIOerlOvsqdtevx1BJmOidB7v8t1jbEqKMDcyjw+P\n/o/LLyqmcJfIXlakRtlZlBFRRmZTyRiEsn1o1RTDb2zWeMcLl0AFBXY/MhWdbAs1\nEDyWz3kdfaV3z4YOpdO+iHqRsy9ct4vqthk6ERm9TlQm6TKVgnGlW/aq3YYhzJZz\npdaG3oRjElT4YO20YFZFvfgh42Exebu+M2qTZRMIQUkbm2G6OzWIqgdw4x7LgUcb\nmXixkg/Q1VqpZhMsCaKM850t2lMzCBbE7ZInhRgUjNy3OA3b340qasG+lec9EK4P\n1bfnn2nLnUs1p0WWrdaRLtAN2/2JD8qovf3VE2W4M5QHaG+HZRUdmEGqoQ3+VPUp\nePB+f9zibircRE+s11PsR8+asFPFSZPIuzSZ7o8oFOE9yke0tg9TSU9wW8boK/yP\nTjMSNiMYCfhFQELdB8au7blWECpvnKtOksVDJsXTtqUpptB+K6AcUYGJG6N8ftEM\nos2HS5KvNz0z82HZqc/xHML//xe+7fuwGhm2ZIfXBxTQ9zszDI7yQJz/sAwZjlwI\nz18qsaodlXYOkEgbg+1QMeGUJTGqVA6ZnbmHUTyBFuoAGKS9EkW8C8VOi3lwZD91\n/N6wik0ytaLlC894Qb5VgjrQpW4vy1HxWGtSZjmfXuGKGt0wgQKCAQEA2ubPEqAp\n+fsT9vWwfe+NsMWGCIlpukKRgg4B68lGZI5uGH9cNQyeE+1WBWbLgCnzjUHMVFWj\nZAXNeCZvSL7GQHdmXiwZQZFnSb3Jt/VN677MZl6KFYOUK02C3VxL80VTBquHC1hY\n5GERX4U7GvCt1Xd4/7dWLR9hQP4w50BLvlWjxP6Mt3Oey7C53ZXkf01mc+Y39645\njGnTSDy5EFA/brju6MYPIa4M9t9qbizhX17tyrWKS0hwwSVng/S2eABewCH4Q0ps\nvOMmuJl6gGga6/9OJcSYd2vqla+FOnMmlpbzte8ERVNiM/Hjuxnvg1E7ognd1OCt\nG9a9+w0X/aJ9yQKCAQEA8KY6Nx1IbLpKU5marOILorPRRcn0o5RhVk41NdQuGSc4\nyKpunFLv+heQx052Xh8GZuAh/ycR32EZ+x6pyOzs9g9mqc2eKn1ztugd9egrIyMB\nb6hnVwPc6esd52+EH3Br1vlS93LqG22MKvdegF7cmxJh0gAWHkpYJTq3tYziOwVw\n5rxVdGOR+micFFPuyhTwQKRE495t63sGWnkO42ZVd5Sgp07Kek+HHQKjLVxNwGu3\nMLPuxPnMj6djNtlesN4o0sCsS983qKzUFEThKR+5w+mC9qcMAkF997sOFiwy3JdE\nyFtbQzLh7ajQ4bb2u3ZQW4WB0aH4TM/X/T9bYe37kQKCAQBBOrAP48w+YpQjbjkG\nfgDh4So8lv37c+S6NYRbB6JDSrIB+Mm4QSdF1t5gQ652ZYne2PGTW+WRY61DlWhp\n6/dVtH67pzZrdHGr5rMaby2mBzgPdTJ+kLPxZ2qMnfk/57OC9FAMkGoEu+waY7Am\nKfwS9UQIJ1C1p3kqjdRyxJUNhaWEiTnTXM+/8Myh/A2X5a+W785TrwYVEl/UUcvv\n0Ynla5Q9pu9RYPUaB59Gb3dFHRuM4SXxowd+dq/vAVfyUGHrrPO20ZGvg5zBO3Lm\nmp8THgPiez/Xrj+8FQ6FSVUBYMAEwdGq+trzkawD0AmwPt+fPINu8PiEqCv6iH9S\npD4JAoIBAC7cj9WPtDzIAhVJgh9MXWuvjH8ElskL6fB+hkoXKWroglxBJAz48ZZH\n5H+LPe2SKRL7bmNbXlWbeQ23qORhjrtTwHAshDJN/6yMgtkR/uR2up7dslH1hJ1g\nlZAt3RKqN7XDE27wR7pTmMn9Jb/luRvRdo8ISUZYv9VwG7oU1zEbHCMyZYmmohSb\nLlmfBo7/iNFtq6Sb+dezO0d+73FEyjvhC2/JHhC3T95MVy5MHS/tSd0IDOT6p+UJ\neX6C0bera1OvBV4494O3NA1GZHo3nVsTK9eQK/x8eGU3XcTfkn/2TQSfFaR+UhSP\nnS13DZDvtzI7S05hNhLvHmZIYiktyKECggEADm/kKD6rEcSvxRbPt74ciIv9w2EI\nq085O7TECvpwD1ahzAotjrnfWqnw3KDFs7idBCmSqx2Pw3gkSdZ7UzT36RAp4vlk\n63h//rdzSJhcf9Z/d4aO1ELsE5wXtXA4rmlW72qelkkV4q43E7yia5pnfIOuuoxZ\n35HbzXd4Zyxu5I83uVu0J2g1GXpnKvUp8u8xJMgI0UtasTjG8xhq8+c8OJrXqqpS\nI3Nn+nAJShX1KFEw/vn6+rqIXA6HqLLiw+N9pTX2Vmz24E2UCWwlDRKz6qHIvR9+\nyT2RjDI43uPwl7RU9pyQGgx3CvMCdLg5lYy/uEvPg6PUk9H/hofF0hQWtQ==\n-----END RSA PRIVATE KEY-----\n",
            "private_key_pem_pkcs8": "-----BEGIN PRIVATE KEY-----\nMIIJQQIBADANBgkqhkiG9w0BAQEFAASCCSswggknAgEAAoICAQDNxoWTJ8X+NWss\nYDKR1kdkI/TREmWv3gwwNCcHF41FUYwD9zoLIYXYoN4cyAwsBFlplp2czA/cEzyA\nyUgUsNFWSGUoEv/B+s/1h6kYobtpnx2zfvuie8gR+aVZD2tJPU7CJWP6ekzfJfjh\nTgFk3w8srZGRbynw3UCq5nSZxm3UzZTFtPb4Vp3QL7fPqv+Mi1H/I6BJZGB4mhGL\n82/7UId1QOHtOu+2RzMxA4un6nV++PS7KpHvnAalaO/3b32WYUtJBaHdoQoh6i7Y\nV2jWjbZE1DpYLGZFNNdAjur0skCvG5RmG3UTxf9mQ9Bur38ssOABO8Iez+s8WGQv\ngE6njgG+gAheCCgiUtq3SKRnK6sxJzAX5MDTrTflRnf/KD2LOK5PGN2iRqijs3uA\nde4aM8/LtL4CHD7+AEHZGB6nhYWtRf1EQ2pCnWrVqp9h6bQ2fDIdgz0IulBjgM/z\n/YHv/YVtzl5+QOM9krEQegLvn3r9lb/39plO3CPFxzSx1F+wdEpp1V0D8+uLYxnG\nbTsqKJdRrfcx6NPzbVy2AiAWxrDAwKCC1SFSz5M6Wgv+gYC6xzZxF+z98wdyjH7L\nJWNl/pyxN3hjoXf+KUnABx7jDOvhZ2Q8WTSG7v7orzzka38dJj4v//9r9NXI+0jU\ngAx4UVwUepHjLh7FY/s7tX7PlnJR2QIDAQABAoICABl5NvX1mYQTttXCfuAg56uU\n6+yp216/HUEmY6J0Hu/y3WNsSoowNzKPD4/+j8svKqZwl8heVqRG2VmUEVFGZlPJ\nGISyfWjVFMNvbNZ4xwuXQAUFdj8yFZ1sCzUQPJbPeR19pXfPhg6l076IepGzL1y3\ni+q2GToRGb1OVCbpMpWCcaVb9qrdhiHMlnOl1obehGMSVPhg7bRgVkW9+CHjYTF5\nu74zapNlEwhBSRubYbo7NYiqB3DjHsuBRxuZeLGSD9DVWqlmEywJoozznS3aUzMI\nFsTtkieFGBSM3Lc4DdvfjSpqwb6V5z0Qrg/Vt+efacudSzWnRZat1pEu0A3b/YkP\nyqi9/dUTZbgzlAdob4dlFR2YQaqhDf5U9Sl48H5/3OJuKtxET6zXU+xHz5qwU8VJ\nk8i7NJnujygU4T3KR7S2D1NJT3Bbxugr/I9OMxI2IxgJ+EVAQt0Hxq7tuVYQKm+c\nq06SxUMmxdO2pSmm0H4roBxRgYkbo3x+0QyizYdLkq83PTPzYdmpz/Ecwv//F77t\n+7AaGbZkh9cHFND3OzMMjvJAnP+wDBmOXAjPXyqxqh2Vdg6QSBuD7VAx4ZQlMapU\nDpmduYdRPIEW6gAYpL0SRbwLxU6LeXBkP3X83rCKTTK1ouULz3hBvlWCOtClbi/L\nUfFYa1JmOZ9e4Yoa3TCBAoIBAQDa5s8SoCn5+xP29bB9742wxYYIiWm6QpGCDgHr\nyUZkjm4Yf1w1DJ4T7VYFZsuAKfONQcxUVaNkBc14Jm9IvsZAd2ZeLBlBkWdJvcm3\n9U3rvsxmXooVg5QrTYLdXEvzRVMGq4cLWFjkYRFfhTsa8K3Vd3j/t1YtH2FA/jDn\nQEu+VaPE/oy3c57LsLndleR/TWZz5jf3rjmMadNIPLkQUD9uuO7oxg8hrgz232pu\nLOFfXu3KtYpLSHDBJWeD9LZ4AF7AIfhDSmy84ya4mXqAaBrr/04lxJh3a+qVr4U6\ncyaWlvO17wRFU2Iz8eO7Ge+DUTuiCd3U4K0b1r37DRf9on3JAoIBAQDwpjo3HUhs\nukpTmZqs4guis9FFyfSjlGFWTjU11C4ZJzjIqm6cUu/6F5DHTnZeHwZm4CH/JxHf\nYRn7HqnI7Oz2D2apzZ4qfXO26B316CsjIwFvqGdXA9zp6x3nb4QfcGvW+VL3cuob\nbYwq916AXtybEmHSABYeSlglOre1jOI7BXDmvFV0Y5H6aJwUU+7KFPBApETj3m3r\newZaeQ7jZlV3lKCnTsp6T4cdAqMtXE3Aa7cws+7E+cyPp2M22V6w3ijSwKxL3zeo\nrNQUROEpH7nD6YL2pwwCQX33uw4WLDLcl0TIW1tDMuHtqNDhtva7dlBbhYHRofhM\nz9f9P1th7fuRAoIBAEE6sA/jzD5ilCNuOQZ+AOHhKjyW/ftz5Lo1hFsHokNKsgH4\nybhBJ0XW3mBDrnZlid7Y8ZNb5ZFjrUOVaGnr91W0frunNmt0cavmsxpvLaYHOA91\nMn6Qs/Fnaoyd+T/ns4L0UAyQagS77BpjsCYp/BL1RAgnULWneSqN1HLElQ2FpYSJ\nOdNcz7/wzKH8DZflr5bvzlOvBhUSX9RRy+/RieVrlD2m71Fg9RoHn0Zvd0UdG4zh\nJfGjB352r+8BV/JQYeus87bRka+DnME7cuaanxMeA+J7P9euP7wVDoVJVQFgwATB\n0ar62vORrAPQCbA+3588g27w+ISoK/qIf1KkPgkCggEALtyP1Y+0PMgCFUmCH0xd\na6+MfwSWyQvp8H6GShcpauiCXEEkDPjxlkfkf4s97ZIpEvtuY1teVZt5Dbeo5GGO\nu1PAcCyEMk3/rIyC2RH+5Ha6nt2yUfWEnWCVkC3dEqo3tcMTbvBHulOYyf0lv+W5\nG9F2jwhJRli/1XAbuhTXMRscIzJliaaiFJsuWZ8Gjv+I0W2rpJv517M7R37vcUTK\nO+ELb8keELdP3kxXLkwdL+1J3QgM5Pqn5Ql5foLRt6trU68FXjj3g7c0DUZkejed\nWxMr15Ar/Hx4ZTddxN+Sf/ZNBJ8VpH5SFI+dLXcNkO+3MjtLTmE2Eu8eZkhiKS3I\noQKCAQAOb+QoPqsRxK/FFs+3vhyIi/3DYQirTzk7tMQK+nAPVqHMCi2Oud9aqfDc\noMWzuJ0EKZKrHY/DeCRJ1ntTNPfpECni+WTreH/+t3NImFx/1n93ho7UQuwTnBe1\ncDiuaVbvap6WSRXirjcTvKJrmmd8g666jFnfkdvNd3hnLG7kjze5W7QnaDUZemcq\n9Sny7zEkyAjRS1qxOMbzGGrz5zw4mteqqlIjc2f6cAlKFfUoUTD++fr6uohcDoeo\nsuLD432lNfZWbPbgTZQJbCUNErPqoci9H37JPZGMMjje4/CXtFT2nJAaDHcK8wJ0\nuDmVjL+4S8+Do9ST0f+Gh8XSFBa1\n-----END PRIVATE KEY-----\n",
            "public_key_fingerprint_md5": "47:94:fa:e8:8c:54:59:ab:57:c2:ae:92:15:31:10:89",
            "public_key_fingerprint_sha256": "SHA256:FlyekfXNlwQ0yqRSquGPXvIFIqs+/5YlvxPr2Pn1hLk",
            "public_key_openssh": "ssh-rsa AAAAB3NzaC1yc2EAAAADAQABAAACAQDNxoWTJ8X+NWssYDKR1kdkI/TREmWv3gwwNCcHF41FUYwD9zoLIYXYoN4cyAwsBFlplp2czA/cEzyAyUgUsNFWSGUoEv/B+s/1h6kYobtpnx2zfvuie8gR+aVZD2tJPU7CJWP6ekzfJfjhTgFk3w8srZGRbynw3UCq5nSZxm3UzZTFtPb4Vp3QL7fPqv+Mi1H/I6BJZGB4mhGL82/7UId1QOHtOu+2RzMxA4un6nV++PS7KpHvnAalaO/3b32WYUtJBaHdoQoh6i7YV2jWjbZE1DpYLGZFNNdAjur0skCvG5RmG3UTxf9mQ9Bur38ssOABO8Iez+s8WGQvgE6njgG+gAheCCgiUtq3SKRnK6sxJzAX5MDTrTflRnf/KD2LOK5PGN2iRqijs3uAde4aM8/LtL4CHD7+AEHZGB6nhYWtRf1EQ2pCnWrVqp9h6bQ2fDIdgz0IulBjgM/z/YHv/YVtzl5+QOM9krEQegLvn3r9lb/39plO3CPFxzSx1F+wdEpp1V0D8+uLYxnGbTsqKJdRrfcx6NPzbVy2AiAWxrDAwKCC1SFSz5M6Wgv+gYC6xzZxF+z98wdyjH7LJWNl/pyxN3hjoXf+KUnABx7jDOvhZ2Q8WTSG7v7orzzka38dJj4v//9r9NXI+0jUgAx4UVwUepHjLh7FY/s7tX7PlnJR2Q==\n",
            "public_key_pem": "-----BEGIN PUBLIC KEY-----\nMIICIjANBgkqhkiG9w0BAQEFAAOCAg8AMIICCgKCAgEAzcaFkyfF/jVrLGAykdZH\nZCP00RJlr94MMDQnBxeNRVGMA/c6CyGF2KDeHMgMLARZaZadnMwP3BM8gMlIFLDR\nVkhlKBL/wfrP9YepGKG7aZ8ds377onvIEfmlWQ9rST1OwiVj+npM3yX44U4BZN8P\nLK2RkW8p8N1AquZ0mcZt1M2UxbT2+Fad0C+3z6r/jItR/yOgSWRgeJoRi/Nv+1CH\ndUDh7TrvtkczMQOLp+p1fvj0uyqR75wGpWjv9299lmFLSQWh3aEKIeou2Fdo1o22\nRNQ6WCxmRTTXQI7q9LJArxuUZht1E8X/ZkPQbq9/LLDgATvCHs/rPFhkL4BOp44B\nvoAIXggoIlLat0ikZyurMScwF+TA06035UZ3/yg9iziuTxjdokaoo7N7gHXuGjPP\ny7S+Ahw+/gBB2Rgep4WFrUX9RENqQp1q1aqfYem0NnwyHYM9CLpQY4DP8/2B7/2F\nbc5efkDjPZKxEHoC7596/ZW/9/aZTtwjxcc0sdRfsHRKadVdA/Pri2MZxm07KiiX\nUa33MejT821ctgIgFsawwMCggtUhUs+TOloL/oGAusc2cRfs/fMHcox+yyVjZf6c\nsTd4Y6F3/ilJwAce4wzr4WdkPFk0hu7+6K885Gt/HSY+L///a/TVyPtI1IAMeFFc\nFHqR4y4exWP7O7V+z5ZyUdkCAwEAAQ==\n-----END PUBLIC KEY-----\n",
            "rsa_bits": 4096
          },
          "sensitive_attributes": []
        }
      ]
    },
    {
      "module": "module.parameter_store_module",
      "mode": "managed",
      "type": "aws_ssm_parameter",
      "name": "secure_parameter",
      "provider": "provider[\"registry.terraform.io/hashicorp/aws\"]",
      "instances": [
        {
          "schema_version": 0,
          "attributes": {
            "allowed_pattern": "",
            "arn": "arn:aws:ssm:us-east-1:553763657971:parameter/requip/be",
            "data_type": "text",
            "description": "My secure parameter",
            "id": "/requip/be",
            "insecure_value": null,
            "key_id": "alias/aws/ssm",
            "name": "/requip/be",
            "overwrite": null,
            "tags": {
              "Account_ID": "553763657971",
              "Environment": "Production",
              "Project_Name": "Requip",
              "Region": "us-east-1"
            },
            "tags_all": {
              "Account_ID": "553763657971",
              "Environment": "Production",
              "Project_Name": "Requip",
              "Region": "us-east-1"
            },
            "tier": "Standard",
            "type": "SecureString",
            "value": "TEST VALUE AFTER DEPLOYMENT",
            "version": 1
          },
          "sensitive_attributes": [],
          "private": "bnVsbA=="
        }
      ]
    }
  ],
  "check_results": [
    {
      "object_kind": "var",
      "config_addr": "module.ec2_instance_module.var.ssh_allowed_ip",
      "status": "pass",
      "objects": [
        {
          "object_addr": "module.ec2_instance_module.var.ssh_allowed_ip",
          "status": "pass"
        }
      ]
    }
  ]
}
